// !$*UTF8*$!
{
	archiveVersion = 1;
	classes = {
	};
	objectVersion = 46;
	objects = {

/* Begin PBXBuildFile section */
		76010C8A212C5010008DB688 /* MediaSourceRequestHeaders.swift in Sources */ = {isa = PBXBuildFile; fileRef = 76010C89212C5010008DB688 /* MediaSourceRequestHeaders.swift */; };
		76010C8B212C5010008DB688 /* MediaSourceRequestHeaders.swift in Sources */ = {isa = PBXBuildFile; fileRef = 76010C89212C5010008DB688 /* MediaSourceRequestHeaders.swift */; };
		7602E8891F38341A00601CD4 /* StartTime.swift in Sources */ = {isa = PBXBuildFile; fileRef = 7602E8881F38341A00601CD4 /* StartTime.swift */; };
		7608009220691E19007F59D5 /* PlayerTests.swift in Sources */ = {isa = PBXBuildFile; fileRef = 76A8435C1EA77DF700BDAF2C /* PlayerTests.swift */; };
		7608009320691E19007F59D5 /* HLSNativeNetworkBehavior.swift in Sources */ = {isa = PBXBuildFile; fileRef = 76EA01DD203EE72200B32345 /* HLSNativeNetworkBehavior.swift */; };
		7608009420691E19007F59D5 /* PlayerErrorSpec.swift in Sources */ = {isa = PBXBuildFile; fileRef = 76BCE05B2047E54B00F1E49C /* PlayerErrorSpec.swift */; };
		7608009520691E19007F59D5 /* InvalidStartTimeSpec.swift in Sources */ = {isa = PBXBuildFile; fileRef = 7690E7C220404BB7003A6485 /* InvalidStartTimeSpec.swift */; };
		7608009620691E19007F59D5 /* HLSNativeTrackSelectableSpec.swift in Sources */ = {isa = PBXBuildFile; fileRef = 7691BD40203CAB230038F754 /* HLSNativeTrackSelectableSpec.swift */; };
		7608009720691E19007F59D5 /* MockedAVPlayer.swift in Sources */ = {isa = PBXBuildFile; fileRef = 7691BD44203CAD210038F754 /* MockedAVPlayer.swift */; };
		7608009820691E19007F59D5 /* TestEnv.swift in Sources */ = {isa = PBXBuildFile; fileRef = 7691BD42203CAC420038F754 /* TestEnv.swift */; };
		7608009A20691E19007F59D5 /* Player.framework in Frameworks */ = {isa = PBXBuildFile; fileRef = 76A8434E1EA77DF700BDAF2C /* Player.framework */; };
		7608009B20691E19007F59D5 /* Quick.framework in Frameworks */ = {isa = PBXBuildFile; fileRef = 76BBFBB41EA8DE29001DBDDB /* Quick.framework */; };
		7608009C20691E19007F59D5 /* Nimble.framework in Frameworks */ = {isa = PBXBuildFile; fileRef = 76BBFBB61EA8DE34001DBDDB /* Nimble.framework */; };
		760800A82069210E007F59D5 /* HLSNative+MediaPlayback.swift in Sources */ = {isa = PBXBuildFile; fileRef = 7660390F1FC6D08800E79091 /* HLSNative+MediaPlayback.swift */; };
		760800A92069210E007F59D5 /* FairplayRequester.swift in Sources */ = {isa = PBXBuildFile; fileRef = 766AC20B1FC2F6B700843FEF /* FairplayRequester.swift */; };
		760800AA2069210E007F59D5 /* AirplayHandler.swift in Sources */ = {isa = PBXBuildFile; fileRef = 76810148205ABFBC00EF7F52 /* AirplayHandler.swift */; };
		760800AB2069210E007F59D5 /* PassThroughConnector.swift in Sources */ = {isa = PBXBuildFile; fileRef = 7660391A1FC6E07500E79091 /* PassThroughConnector.swift */; };
		760800AC2069210E007F59D5 /* NotificationToken.swift in Sources */ = {isa = PBXBuildFile; fileRef = 766AC2121FC2F6B700843FEF /* NotificationToken.swift */; };
		760800AD2069210E007F59D5 /* MediaSource.swift in Sources */ = {isa = PBXBuildFile; fileRef = 766AC1E11FC2E61100843FEF /* MediaSource.swift */; };
		760800AE2069210E007F59D5 /* Sequence+Extensions.swift in Sources */ = {isa = PBXBuildFile; fileRef = 76A8437A1EA7819D00BDAF2C /* Sequence+Extensions.swift */; };
		760800AF2069210E007F59D5 /* MediaRendering.swift in Sources */ = {isa = PBXBuildFile; fileRef = 76A843881EA7819D00BDAF2C /* MediaRendering.swift */; };
		760800B02069210E007F59D5 /* AVPlayerItem+Extensions.swift in Sources */ = {isa = PBXBuildFile; fileRef = 766AC20A1FC2F6B700843FEF /* AVPlayerItem+Extensions.swift */; };
		760800B12069210E007F59D5 /* ItemObserver.swift in Sources */ = {isa = PBXBuildFile; fileRef = 766AC2231FC2F75800843FEF /* ItemObserver.swift */; };
		760800B22069210E007F59D5 /* Player.swift in Sources */ = {isa = PBXBuildFile; fileRef = 76A843821EA7819D00BDAF2C /* Player.swift */; };
		760800B32069210E007F59D5 /* PlayerError.swift in Sources */ = {isa = PBXBuildFile; fileRef = 7619E54D1FCC05D600ACACAE /* PlayerError.swift */; };
		760800B42069210E007F59D5 /* KVOChange.swift in Sources */ = {isa = PBXBuildFile; fileRef = 766AC2101FC2F6B700843FEF /* KVOChange.swift */; };
		760800B52069210E007F59D5 /* EventResponder.swift in Sources */ = {isa = PBXBuildFile; fileRef = 766039141FC6DF4500E79091 /* EventResponder.swift */; };
		760800B62069210E007F59D5 /* HLSNative+NetworkBehavior.swift in Sources */ = {isa = PBXBuildFile; fileRef = 76EA01DF203EEC0E00B32345 /* HLSNative+NetworkBehavior.swift */; };
		760800B72069210E007F59D5 /* NotificationObserver.swift in Sources */ = {isa = PBXBuildFile; fileRef = 766AC2111FC2F6B700843FEF /* NotificationObserver.swift */; };
		760800B82069210E007F59D5 /* HLSNativeConfiguration.swift in Sources */ = {isa = PBXBuildFile; fileRef = 76EA01DB203EB20700B32345 /* HLSNativeConfiguration.swift */; };
		760800B92069210E007F59D5 /* ManifestContext.swift in Sources */ = {isa = PBXBuildFile; fileRef = 766039241FC6E24500E79091 /* ManifestContext.swift */; };
		760800BA2069210E007F59D5 /* EventDispatcher.swift in Sources */ = {isa = PBXBuildFile; fileRef = 766039221FC6E17900E79091 /* EventDispatcher.swift */; };
		760800BB2069210E007F59D5 /* AVMediaSelectionGroup+Extensions.swift in Sources */ = {isa = PBXBuildFile; fileRef = 7691BD3C203C7A990038F754 /* AVMediaSelectionGroup+Extensions.swift */; };
		760800BC2069210E007F59D5 /* UnmanagedPlayerObserver.swift in Sources */ = {isa = PBXBuildFile; fileRef = 7681014620595D4100EF7F52 /* UnmanagedPlayerObserver.swift */; };
		760800BD2069210E007F59D5 /* PlayerObserver.swift in Sources */ = {isa = PBXBuildFile; fileRef = 766AC2251FC2F77000843FEF /* PlayerObserver.swift */; };
		760800BE2069210E007F59D5 /* HLSNativeError.swift in Sources */ = {isa = PBXBuildFile; fileRef = 766AC20D1FC2F6B700843FEF /* HLSNativeError.swift */; };
		760800BF2069210E007F59D5 /* AnalyticsProvider.swift in Sources */ = {isa = PBXBuildFile; fileRef = 76139F7E1F1CCFEF00822023 /* AnalyticsProvider.swift */; };
		760800C02069210E007F59D5 /* AVAsset+LoadableKeys.swift in Sources */ = {isa = PBXBuildFile; fileRef = 766AC2081FC2F6B700843FEF /* AVAsset+LoadableKeys.swift */; };
		760800C12069210E007F59D5 /* TrackSelectable.swift in Sources */ = {isa = PBXBuildFile; fileRef = 76CD5AE5202B512B00941ABC /* TrackSelectable.swift */; };
		760800C22069210E007F59D5 /* MediaPlayback.swift in Sources */ = {isa = PBXBuildFile; fileRef = 76A843871EA7819D00BDAF2C /* MediaPlayback.swift */; };
		760800C32069210E007F59D5 /* HLSNative.swift in Sources */ = {isa = PBXBuildFile; fileRef = 766AC20C1FC2F6B700843FEF /* HLSNative.swift */; };
		760800C42069210E007F59D5 /* HLSNative+TrackSelectable.swift in Sources */ = {isa = PBXBuildFile; fileRef = 76CD5AE7202B55F200941ABC /* HLSNative+TrackSelectable.swift */; };
		760800C52069210E007F59D5 /* Player+ManifestContext.swift in Sources */ = {isa = PBXBuildFile; fileRef = 766039281FC7069900E79091 /* Player+ManifestContext.swift */; };
		760800C62069210E007F59D5 /* HLSNativeWarning.swift in Sources */ = {isa = PBXBuildFile; fileRef = 76E7F0E5202057E40071D8C9 /* HLSNativeWarning.swift */; };
		760800C72069210E007F59D5 /* Warning.swift in Sources */ = {isa = PBXBuildFile; fileRef = 76E7F0E3202056150071D8C9 /* Warning.swift */; };
		760800C82069210E007F59D5 /* Tech.swift in Sources */ = {isa = PBXBuildFile; fileRef = 766AC1E41FC2E73B00843FEF /* Tech.swift */; };
		760800C92069210E007F59D5 /* RateObserver.swift in Sources */ = {isa = PBXBuildFile; fileRef = 76D4968F20455CE9008EF3C7 /* RateObserver.swift */; };
		760800CA2069210E007F59D5 /* AnalyticsConnector.swift in Sources */ = {isa = PBXBuildFile; fileRef = 766039161FC6DFA200E79091 /* AnalyticsConnector.swift */; };
		760800CB2069210E007F59D5 /* Observer.swift in Sources */ = {isa = PBXBuildFile; fileRef = 766AC2131FC2F6B700843FEF /* Observer.swift */; };
		760800CC2069210E007F59D5 /* MediaContext.swift in Sources */ = {isa = PBXBuildFile; fileRef = 766AC1DF1FC2E5DE00843FEF /* MediaContext.swift */; };
		760800CD2069210E007F59D5 /* Date+Extensions.swift in Sources */ = {isa = PBXBuildFile; fileRef = 76A89CEB2020915700C23579 /* Date+Extensions.swift */; };
		760800CE2069210E007F59D5 /* NetworkBehavior.swift in Sources */ = {isa = PBXBuildFile; fileRef = 76EA01D5203DEA4C00B32345 /* NetworkBehavior.swift */; };
		760800CF2069210E007F59D5 /* MediaGroup.swift in Sources */ = {isa = PBXBuildFile; fileRef = 7691BD3A203C7A340038F754 /* MediaGroup.swift */; };
		760800D02069210E007F59D5 /* AnalyticsLogger.swift in Sources */ = {isa = PBXBuildFile; fileRef = 7660391D1FC6E0BB00E79091 /* AnalyticsLogger.swift */; };
		760800D12069210E007F59D5 /* HLSNative+ManifestContext+Airplay.swift in Sources */ = {isa = PBXBuildFile; fileRef = 7681014C205AC73500EF7F52 /* HLSNative+ManifestContext+Airplay.swift */; };
		760800D22069210E007F59D5 /* AVPlayer+KeyValueObservable.swift in Sources */ = {isa = PBXBuildFile; fileRef = 766AC2091FC2F6B700843FEF /* AVPlayer+KeyValueObservable.swift */; };
		760800D32069210E007F59D5 /* HLSNative+MediaRendering.swift in Sources */ = {isa = PBXBuildFile; fileRef = 7621A5F71FC84CDC00E30973 /* HLSNative+MediaRendering.swift */; };
		760800D42069210E007F59D5 /* MediaTrack.swift in Sources */ = {isa = PBXBuildFile; fileRef = 7691BD37203C7A0E0038F754 /* MediaTrack.swift */; };
		760800D52069210E007F59D5 /* HLSNative+StartTime.swift in Sources */ = {isa = PBXBuildFile; fileRef = 766039121FC6D1DC00E79091 /* HLSNative+StartTime.swift */; };
		760800D62069210E007F59D5 /* KeyValueObserver.swift in Sources */ = {isa = PBXBuildFile; fileRef = 766AC20F1FC2F6B700843FEF /* KeyValueObserver.swift */; };
		760800D72069210E007F59D5 /* StartTime.swift in Sources */ = {isa = PBXBuildFile; fileRef = 7602E8881F38341A00601CD4 /* StartTime.swift */; };
		760800D82069210E007F59D5 /* Error+Extensions.swift in Sources */ = {isa = PBXBuildFile; fileRef = 766FE46C203AF484003B9B90 /* Error+Extensions.swift */; };
		760800D92069210E007F59D5 /* Manifest.swift in Sources */ = {isa = PBXBuildFile; fileRef = 766039261FC6E25800E79091 /* Manifest.swift */; };
		760800DA2069210E007F59D5 /* KeyValueObservable.swift in Sources */ = {isa = PBXBuildFile; fileRef = 766AC20E1FC2F6B700843FEF /* KeyValueObservable.swift */; };
		760800DB2069210E007F59D5 /* PlayerView.swift in Sources */ = {isa = PBXBuildFile; fileRef = 76A8438A1EA7819D00BDAF2C /* PlayerView.swift */; };
		760800DE2069210E007F59D5 /* Player.h in Headers */ = {isa = PBXBuildFile; fileRef = 76A843511EA77DF700BDAF2C /* Player.h */; settings = {ATTRIBUTES = (Public, ); }; };
		76139F7F1F1CCFEF00822023 /* AnalyticsProvider.swift in Sources */ = {isa = PBXBuildFile; fileRef = 76139F7E1F1CCFEF00822023 /* AnalyticsProvider.swift */; };
		7613F8F620B5B53A00AC148F /* AVPlayerItemErrorLogEvent+Extensions.swift in Sources */ = {isa = PBXBuildFile; fileRef = 7613F8F520B5B53A00AC148F /* AVPlayerItemErrorLogEvent+Extensions.swift */; };
		7613F8F820B5B55100AC148F /* AVPlayerItemAccessLogEvent+Extensions.swift in Sources */ = {isa = PBXBuildFile; fileRef = 7613F8F720B5B55100AC148F /* AVPlayerItemAccessLogEvent+Extensions.swift */; };
		7619B4992175CDE000EE0DC8 /* Int64+Extensions.swift in Sources */ = {isa = PBXBuildFile; fileRef = 7619B4982175CDE000EE0DC8 /* Int64+Extensions.swift */; };
		7619B49A2175CDEE00EE0DC8 /* Int64+Extensions.swift in Sources */ = {isa = PBXBuildFile; fileRef = 7619B4982175CDE000EE0DC8 /* Int64+Extensions.swift */; };
		7619E54E1FCC05D600ACACAE /* PlayerError.swift in Sources */ = {isa = PBXBuildFile; fileRef = 7619E54D1FCC05D600ACACAE /* PlayerError.swift */; };
		7621A5F81FC84CDC00E30973 /* HLSNative+MediaRendering.swift in Sources */ = {isa = PBXBuildFile; fileRef = 7621A5F71FC84CDC00E30973 /* HLSNative+MediaRendering.swift */; };
		7644FBC021189236006CEBF0 /* SourceAbandonedEventProvider.swift in Sources */ = {isa = PBXBuildFile; fileRef = 7644FBBF21189236006CEBF0 /* SourceAbandonedEventProvider.swift */; };
		7644FBC121189236006CEBF0 /* SourceAbandonedEventProvider.swift in Sources */ = {isa = PBXBuildFile; fileRef = 7644FBBF21189236006CEBF0 /* SourceAbandonedEventProvider.swift */; };
		766039101FC6D08800E79091 /* HLSNative+MediaPlayback.swift in Sources */ = {isa = PBXBuildFile; fileRef = 7660390F1FC6D08800E79091 /* HLSNative+MediaPlayback.swift */; };
		766039131FC6D1DC00E79091 /* HLSNative+StartTime.swift in Sources */ = {isa = PBXBuildFile; fileRef = 766039121FC6D1DC00E79091 /* HLSNative+StartTime.swift */; };
		766039151FC6DF4500E79091 /* EventResponder.swift in Sources */ = {isa = PBXBuildFile; fileRef = 766039141FC6DF4500E79091 /* EventResponder.swift */; };
		766039171FC6DFA200E79091 /* AnalyticsConnector.swift in Sources */ = {isa = PBXBuildFile; fileRef = 766039161FC6DFA200E79091 /* AnalyticsConnector.swift */; };
		7660391B1FC6E07500E79091 /* PassThroughConnector.swift in Sources */ = {isa = PBXBuildFile; fileRef = 7660391A1FC6E07500E79091 /* PassThroughConnector.swift */; };
		7660391E1FC6E0BB00E79091 /* AnalyticsLogger.swift in Sources */ = {isa = PBXBuildFile; fileRef = 7660391D1FC6E0BB00E79091 /* AnalyticsLogger.swift */; };
		766039231FC6E17900E79091 /* EventDispatcher.swift in Sources */ = {isa = PBXBuildFile; fileRef = 766039221FC6E17900E79091 /* EventDispatcher.swift */; };
		766039251FC6E24500E79091 /* ManifestContext.swift in Sources */ = {isa = PBXBuildFile; fileRef = 766039241FC6E24500E79091 /* ManifestContext.swift */; };
		766039271FC6E25800E79091 /* Manifest.swift in Sources */ = {isa = PBXBuildFile; fileRef = 766039261FC6E25800E79091 /* Manifest.swift */; };
		766039291FC7069900E79091 /* Player+ManifestContext.swift in Sources */ = {isa = PBXBuildFile; fileRef = 766039281FC7069900E79091 /* Player+ManifestContext.swift */; };
		766AC1E01FC2E5DE00843FEF /* MediaContext.swift in Sources */ = {isa = PBXBuildFile; fileRef = 766AC1DF1FC2E5DE00843FEF /* MediaContext.swift */; };
		766AC1E21FC2E61100843FEF /* MediaSource.swift in Sources */ = {isa = PBXBuildFile; fileRef = 766AC1E11FC2E61100843FEF /* MediaSource.swift */; };
		766AC1E51FC2E73B00843FEF /* Tech.swift in Sources */ = {isa = PBXBuildFile; fileRef = 766AC1E41FC2E73B00843FEF /* Tech.swift */; };
		766AC2141FC2F6B700843FEF /* AVAsset+LoadableKeys.swift in Sources */ = {isa = PBXBuildFile; fileRef = 766AC2081FC2F6B700843FEF /* AVAsset+LoadableKeys.swift */; };
		766AC2151FC2F6B700843FEF /* AVPlayer+KeyValueObservable.swift in Sources */ = {isa = PBXBuildFile; fileRef = 766AC2091FC2F6B700843FEF /* AVPlayer+KeyValueObservable.swift */; };
		766AC2161FC2F6B700843FEF /* AVPlayerItem+Extensions.swift in Sources */ = {isa = PBXBuildFile; fileRef = 766AC20A1FC2F6B700843FEF /* AVPlayerItem+Extensions.swift */; };
		766AC2171FC2F6B700843FEF /* FairplayRequester.swift in Sources */ = {isa = PBXBuildFile; fileRef = 766AC20B1FC2F6B700843FEF /* FairplayRequester.swift */; };
		766AC2181FC2F6B700843FEF /* HLSNative.swift in Sources */ = {isa = PBXBuildFile; fileRef = 766AC20C1FC2F6B700843FEF /* HLSNative.swift */; };
		766AC2191FC2F6B700843FEF /* HLSNativeError.swift in Sources */ = {isa = PBXBuildFile; fileRef = 766AC20D1FC2F6B700843FEF /* HLSNativeError.swift */; };
		766AC21A1FC2F6B700843FEF /* KeyValueObservable.swift in Sources */ = {isa = PBXBuildFile; fileRef = 766AC20E1FC2F6B700843FEF /* KeyValueObservable.swift */; };
		766AC21B1FC2F6B700843FEF /* KeyValueObserver.swift in Sources */ = {isa = PBXBuildFile; fileRef = 766AC20F1FC2F6B700843FEF /* KeyValueObserver.swift */; };
		766AC21C1FC2F6B700843FEF /* KVOChange.swift in Sources */ = {isa = PBXBuildFile; fileRef = 766AC2101FC2F6B700843FEF /* KVOChange.swift */; };
		766AC21D1FC2F6B700843FEF /* NotificationObserver.swift in Sources */ = {isa = PBXBuildFile; fileRef = 766AC2111FC2F6B700843FEF /* NotificationObserver.swift */; };
		766AC21E1FC2F6B700843FEF /* NotificationToken.swift in Sources */ = {isa = PBXBuildFile; fileRef = 766AC2121FC2F6B700843FEF /* NotificationToken.swift */; };
		766AC21F1FC2F6B700843FEF /* Observer.swift in Sources */ = {isa = PBXBuildFile; fileRef = 766AC2131FC2F6B700843FEF /* Observer.swift */; };
		766AC2241FC2F75800843FEF /* ItemObserver.swift in Sources */ = {isa = PBXBuildFile; fileRef = 766AC2231FC2F75800843FEF /* ItemObserver.swift */; };
		766AC2261FC2F77000843FEF /* PlayerObserver.swift in Sources */ = {isa = PBXBuildFile; fileRef = 766AC2251FC2F77000843FEF /* PlayerObserver.swift */; };
		766FE46D203AF484003B9B90 /* Error+Extensions.swift in Sources */ = {isa = PBXBuildFile; fileRef = 766FE46C203AF484003B9B90 /* Error+Extensions.swift */; };
		767284EB20B6CBD300E8BCC3 /* TechDeallocationEventProvider.swift in Sources */ = {isa = PBXBuildFile; fileRef = 767284EA20B6CBD300E8BCC3 /* TechDeallocationEventProvider.swift */; };
		767284EC20B6CBD300E8BCC3 /* TechDeallocationEventProvider.swift in Sources */ = {isa = PBXBuildFile; fileRef = 767284EA20B6CBD300E8BCC3 /* TechDeallocationEventProvider.swift */; };
		767284F120B6EFA000E8BCC3 /* AVPlayerItemErrorLogEvent+Extensions.swift in Sources */ = {isa = PBXBuildFile; fileRef = 7613F8F520B5B53A00AC148F /* AVPlayerItemErrorLogEvent+Extensions.swift */; };
		767284F220B6EFA200E8BCC3 /* AVPlayerItemAccessLogEvent+Extensions.swift in Sources */ = {isa = PBXBuildFile; fileRef = 7613F8F720B5B55100AC148F /* AVPlayerItemAccessLogEvent+Extensions.swift */; };
		767EFCEC216370E200F6CC74 /* TimedMetadataProvider.swift in Sources */ = {isa = PBXBuildFile; fileRef = 767EFCEB216370E200F6CC74 /* TimedMetadataProvider.swift */; };
		767EFCED216370E200F6CC74 /* TimedMetadataProvider.swift in Sources */ = {isa = PBXBuildFile; fileRef = 767EFCEB216370E200F6CC74 /* TimedMetadataProvider.swift */; };
		7681014720595D4100EF7F52 /* UnmanagedPlayerObserver.swift in Sources */ = {isa = PBXBuildFile; fileRef = 7681014620595D4100EF7F52 /* UnmanagedPlayerObserver.swift */; };
		76810149205ABFBC00EF7F52 /* AirplayHandler.swift in Sources */ = {isa = PBXBuildFile; fileRef = 76810148205ABFBC00EF7F52 /* AirplayHandler.swift */; };
		7681014D205AC73500EF7F52 /* HLSNative+ManifestContext+Airplay.swift in Sources */ = {isa = PBXBuildFile; fileRef = 7681014C205AC73500EF7F52 /* HLSNative+ManifestContext+Airplay.swift */; };
		7690E7C320404BB7003A6485 /* InvalidStartTimeSpec.swift in Sources */ = {isa = PBXBuildFile; fileRef = 7690E7C220404BB7003A6485 /* InvalidStartTimeSpec.swift */; };
		7691BD38203C7A0E0038F754 /* MediaTrack.swift in Sources */ = {isa = PBXBuildFile; fileRef = 7691BD37203C7A0E0038F754 /* MediaTrack.swift */; };
		7691BD3B203C7A340038F754 /* MediaGroup.swift in Sources */ = {isa = PBXBuildFile; fileRef = 7691BD3A203C7A340038F754 /* MediaGroup.swift */; };
		7691BD3D203C7A990038F754 /* AVMediaSelectionGroup+Extensions.swift in Sources */ = {isa = PBXBuildFile; fileRef = 7691BD3C203C7A990038F754 /* AVMediaSelectionGroup+Extensions.swift */; };
		7691BD41203CAB230038F754 /* HLSNativeTrackSelectableSpec.swift in Sources */ = {isa = PBXBuildFile; fileRef = 7691BD40203CAB230038F754 /* HLSNativeTrackSelectableSpec.swift */; };
		7691BD43203CAC420038F754 /* TestEnv.swift in Sources */ = {isa = PBXBuildFile; fileRef = 7691BD42203CAC420038F754 /* TestEnv.swift */; };
		7691BD45203CAD210038F754 /* MockedAVPlayer.swift in Sources */ = {isa = PBXBuildFile; fileRef = 7691BD44203CAD210038F754 /* MockedAVPlayer.swift */; };
		7696508120B2DD9600B76A14 /* TraceProvider.swift in Sources */ = {isa = PBXBuildFile; fileRef = 7696508020B2DD9600B76A14 /* TraceProvider.swift */; };
		7696508220B2DD9600B76A14 /* TraceProvider.swift in Sources */ = {isa = PBXBuildFile; fileRef = 7696508020B2DD9600B76A14 /* TraceProvider.swift */; };
		76A843581EA77DF700BDAF2C /* Player.framework in Frameworks */ = {isa = PBXBuildFile; fileRef = 76A8434E1EA77DF700BDAF2C /* Player.framework */; };
		76A8435D1EA77DF700BDAF2C /* PlayerTests.swift in Sources */ = {isa = PBXBuildFile; fileRef = 76A8435C1EA77DF700BDAF2C /* PlayerTests.swift */; };
		76A8435F1EA77DF700BDAF2C /* Player.h in Headers */ = {isa = PBXBuildFile; fileRef = 76A843511EA77DF700BDAF2C /* Player.h */; settings = {ATTRIBUTES = (Public, ); }; };
		76A843901EA7819D00BDAF2C /* Sequence+Extensions.swift in Sources */ = {isa = PBXBuildFile; fileRef = 76A8437A1EA7819D00BDAF2C /* Sequence+Extensions.swift */; };
		76A843971EA7819D00BDAF2C /* Player.swift in Sources */ = {isa = PBXBuildFile; fileRef = 76A843821EA7819D00BDAF2C /* Player.swift */; };
		76A8439B1EA7819D00BDAF2C /* MediaPlayback.swift in Sources */ = {isa = PBXBuildFile; fileRef = 76A843871EA7819D00BDAF2C /* MediaPlayback.swift */; };
		76A8439C1EA7819D00BDAF2C /* MediaRendering.swift in Sources */ = {isa = PBXBuildFile; fileRef = 76A843881EA7819D00BDAF2C /* MediaRendering.swift */; };
		76A8439D1EA7819D00BDAF2C /* PlayerView.swift in Sources */ = {isa = PBXBuildFile; fileRef = 76A8438A1EA7819D00BDAF2C /* PlayerView.swift */; };
		76A89CEC2020915700C23579 /* Date+Extensions.swift in Sources */ = {isa = PBXBuildFile; fileRef = 76A89CEB2020915700C23579 /* Date+Extensions.swift */; };
		76BBFBB51EA8DE29001DBDDB /* Quick.framework in Frameworks */ = {isa = PBXBuildFile; fileRef = 76BBFBB41EA8DE29001DBDDB /* Quick.framework */; };
		76BBFBB71EA8DE34001DBDDB /* Nimble.framework in Frameworks */ = {isa = PBXBuildFile; fileRef = 76BBFBB61EA8DE34001DBDDB /* Nimble.framework */; };
		76BCE05C2047E54B00F1E49C /* PlayerErrorSpec.swift in Sources */ = {isa = PBXBuildFile; fileRef = 76BCE05B2047E54B00F1E49C /* PlayerErrorSpec.swift */; };
		76CD5AE6202B512B00941ABC /* TrackSelectable.swift in Sources */ = {isa = PBXBuildFile; fileRef = 76CD5AE5202B512B00941ABC /* TrackSelectable.swift */; };
		76CD5AE8202B55F200941ABC /* HLSNative+TrackSelectable.swift in Sources */ = {isa = PBXBuildFile; fileRef = 76CD5AE7202B55F200941ABC /* HLSNative+TrackSelectable.swift */; };
		76D4969020455CE9008EF3C7 /* RateObserver.swift in Sources */ = {isa = PBXBuildFile; fileRef = 76D4968F20455CE9008EF3C7 /* RateObserver.swift */; };
		76E7F0E4202056150071D8C9 /* Warning.swift in Sources */ = {isa = PBXBuildFile; fileRef = 76E7F0E3202056150071D8C9 /* Warning.swift */; };
		76E7F0E6202057E40071D8C9 /* HLSNativeWarning.swift in Sources */ = {isa = PBXBuildFile; fileRef = 76E7F0E5202057E40071D8C9 /* HLSNativeWarning.swift */; };
		76EA01D6203DEA4C00B32345 /* NetworkBehavior.swift in Sources */ = {isa = PBXBuildFile; fileRef = 76EA01D5203DEA4C00B32345 /* NetworkBehavior.swift */; };
		76EA01DC203EB20700B32345 /* HLSNativeConfiguration.swift in Sources */ = {isa = PBXBuildFile; fileRef = 76EA01DB203EB20700B32345 /* HLSNativeConfiguration.swift */; };
		76EA01DE203EE72200B32345 /* HLSNativeNetworkBehavior.swift in Sources */ = {isa = PBXBuildFile; fileRef = 76EA01DD203EE72200B32345 /* HLSNativeNetworkBehavior.swift */; };
		76EA01E0203EEC0E00B32345 /* HLSNative+NetworkBehavior.swift in Sources */ = {isa = PBXBuildFile; fileRef = 76EA01DF203EEC0E00B32345 /* HLSNative+NetworkBehavior.swift */; };
/* End PBXBuildFile section */

/* Begin PBXContainerItemProxy section */
		76A843591EA77DF700BDAF2C /* PBXContainerItemProxy */ = {
			isa = PBXContainerItemProxy;
			containerPortal = 76A843451EA77DF700BDAF2C /* Project object */;
			proxyType = 1;
			remoteGlobalIDString = 76A8434D1EA77DF700BDAF2C;
			remoteInfo = Player;
		};
/* End PBXContainerItemProxy section */

/* Begin PBXFileReference section */
		76010C89212C5010008DB688 /* MediaSourceRequestHeaders.swift */ = {isa = PBXFileReference; lastKnownFileType = sourcecode.swift; path = MediaSourceRequestHeaders.swift; sourceTree = "<group>"; };
		760200FC2035C98700EF495D /* update_dependency_graph.rb */ = {isa = PBXFileReference; fileEncoding = 4; lastKnownFileType = text.script.ruby; path = update_dependency_graph.rb; sourceTree = "<group>"; };
		7602E8881F38341A00601CD4 /* StartTime.swift */ = {isa = PBXFileReference; fileEncoding = 4; lastKnownFileType = sourcecode.swift; path = StartTime.swift; sourceTree = "<group>"; };
		760800A220691E19007F59D5 /* PlayerTests-tvOS.xctest */ = {isa = PBXFileReference; explicitFileType = wrapper.cfbundle; includeInIndex = 0; path = "PlayerTests-tvOS.xctest"; sourceTree = BUILT_PRODUCTS_DIR; };
		760800E32069210E007F59D5 /* Player.framework */ = {isa = PBXFileReference; explicitFileType = wrapper.framework; includeInIndex = 0; path = Player.framework; sourceTree = BUILT_PRODUCTS_DIR; };
		76139F7E1F1CCFEF00822023 /* AnalyticsProvider.swift */ = {isa = PBXFileReference; fileEncoding = 4; lastKnownFileType = sourcecode.swift; path = AnalyticsProvider.swift; sourceTree = "<group>"; };
		7613F8F520B5B53A00AC148F /* AVPlayerItemErrorLogEvent+Extensions.swift */ = {isa = PBXFileReference; lastKnownFileType = sourcecode.swift; path = "AVPlayerItemErrorLogEvent+Extensions.swift"; sourceTree = "<group>"; };
		7613F8F720B5B55100AC148F /* AVPlayerItemAccessLogEvent+Extensions.swift */ = {isa = PBXFileReference; lastKnownFileType = sourcecode.swift; path = "AVPlayerItemAccessLogEvent+Extensions.swift"; sourceTree = "<group>"; };
		7619B4982175CDE000EE0DC8 /* Int64+Extensions.swift */ = {isa = PBXFileReference; lastKnownFileType = sourcecode.swift; path = "Int64+Extensions.swift"; sourceTree = "<group>"; };
		7619E54D1FCC05D600ACACAE /* PlayerError.swift */ = {isa = PBXFileReference; lastKnownFileType = sourcecode.swift; path = PlayerError.swift; sourceTree = "<group>"; };
		7621A5F71FC84CDC00E30973 /* HLSNative+MediaRendering.swift */ = {isa = PBXFileReference; lastKnownFileType = sourcecode.swift; path = "HLSNative+MediaRendering.swift"; sourceTree = "<group>"; };
		7644FBBF21189236006CEBF0 /* SourceAbandonedEventProvider.swift */ = {isa = PBXFileReference; lastKnownFileType = sourcecode.swift; path = SourceAbandonedEventProvider.swift; sourceTree = "<group>"; };
		7660390F1FC6D08800E79091 /* HLSNative+MediaPlayback.swift */ = {isa = PBXFileReference; lastKnownFileType = sourcecode.swift; path = "HLSNative+MediaPlayback.swift"; sourceTree = "<group>"; };
		766039121FC6D1DC00E79091 /* HLSNative+StartTime.swift */ = {isa = PBXFileReference; lastKnownFileType = sourcecode.swift; path = "HLSNative+StartTime.swift"; sourceTree = "<group>"; };
		766039141FC6DF4500E79091 /* EventResponder.swift */ = {isa = PBXFileReference; lastKnownFileType = sourcecode.swift; path = EventResponder.swift; sourceTree = "<group>"; };
		766039161FC6DFA200E79091 /* AnalyticsConnector.swift */ = {isa = PBXFileReference; lastKnownFileType = sourcecode.swift; path = AnalyticsConnector.swift; sourceTree = "<group>"; };
		7660391A1FC6E07500E79091 /* PassThroughConnector.swift */ = {isa = PBXFileReference; lastKnownFileType = sourcecode.swift; path = PassThroughConnector.swift; sourceTree = "<group>"; };
		7660391D1FC6E0BB00E79091 /* AnalyticsLogger.swift */ = {isa = PBXFileReference; lastKnownFileType = sourcecode.swift; path = AnalyticsLogger.swift; sourceTree = "<group>"; };
		766039221FC6E17900E79091 /* EventDispatcher.swift */ = {isa = PBXFileReference; lastKnownFileType = sourcecode.swift; path = EventDispatcher.swift; sourceTree = "<group>"; };
		766039241FC6E24500E79091 /* ManifestContext.swift */ = {isa = PBXFileReference; lastKnownFileType = sourcecode.swift; path = ManifestContext.swift; sourceTree = "<group>"; };
		766039261FC6E25800E79091 /* Manifest.swift */ = {isa = PBXFileReference; lastKnownFileType = sourcecode.swift; path = Manifest.swift; sourceTree = "<group>"; };
		766039281FC7069900E79091 /* Player+ManifestContext.swift */ = {isa = PBXFileReference; lastKnownFileType = sourcecode.swift; path = "Player+ManifestContext.swift"; sourceTree = "<group>"; };
		7667AEC31EC5C0FE00C308FC /* Appfile */ = {isa = PBXFileReference; fileEncoding = 4; lastKnownFileType = text; path = Appfile; sourceTree = "<group>"; };
		7667AEC41EC5C0FE00C308FC /* Fastfile */ = {isa = PBXFileReference; fileEncoding = 4; lastKnownFileType = text; path = Fastfile; sourceTree = "<group>"; xcLanguageSpecificationIdentifier = xcode.lang.ruby; };
		7667AEC71EC5C12100C308FC /* .env */ = {isa = PBXFileReference; fileEncoding = 4; lastKnownFileType = text; path = .env; sourceTree = "<group>"; };
		766AC1DF1FC2E5DE00843FEF /* MediaContext.swift */ = {isa = PBXFileReference; lastKnownFileType = sourcecode.swift; path = MediaContext.swift; sourceTree = "<group>"; };
		766AC1E11FC2E61100843FEF /* MediaSource.swift */ = {isa = PBXFileReference; lastKnownFileType = sourcecode.swift; path = MediaSource.swift; sourceTree = "<group>"; };
		766AC1E41FC2E73B00843FEF /* Tech.swift */ = {isa = PBXFileReference; lastKnownFileType = sourcecode.swift; path = Tech.swift; sourceTree = "<group>"; };
		766AC2081FC2F6B700843FEF /* AVAsset+LoadableKeys.swift */ = {isa = PBXFileReference; fileEncoding = 4; lastKnownFileType = sourcecode.swift; path = "AVAsset+LoadableKeys.swift"; sourceTree = "<group>"; };
		766AC2091FC2F6B700843FEF /* AVPlayer+KeyValueObservable.swift */ = {isa = PBXFileReference; fileEncoding = 4; lastKnownFileType = sourcecode.swift; path = "AVPlayer+KeyValueObservable.swift"; sourceTree = "<group>"; };
		766AC20A1FC2F6B700843FEF /* AVPlayerItem+Extensions.swift */ = {isa = PBXFileReference; fileEncoding = 4; lastKnownFileType = sourcecode.swift; path = "AVPlayerItem+Extensions.swift"; sourceTree = "<group>"; };
		766AC20B1FC2F6B700843FEF /* FairplayRequester.swift */ = {isa = PBXFileReference; fileEncoding = 4; lastKnownFileType = sourcecode.swift; path = FairplayRequester.swift; sourceTree = "<group>"; };
		766AC20C1FC2F6B700843FEF /* HLSNative.swift */ = {isa = PBXFileReference; fileEncoding = 4; lastKnownFileType = sourcecode.swift; path = HLSNative.swift; sourceTree = "<group>"; };
		766AC20D1FC2F6B700843FEF /* HLSNativeError.swift */ = {isa = PBXFileReference; fileEncoding = 4; lastKnownFileType = sourcecode.swift; path = HLSNativeError.swift; sourceTree = "<group>"; };
		766AC20E1FC2F6B700843FEF /* KeyValueObservable.swift */ = {isa = PBXFileReference; fileEncoding = 4; lastKnownFileType = sourcecode.swift; path = KeyValueObservable.swift; sourceTree = "<group>"; };
		766AC20F1FC2F6B700843FEF /* KeyValueObserver.swift */ = {isa = PBXFileReference; fileEncoding = 4; lastKnownFileType = sourcecode.swift; path = KeyValueObserver.swift; sourceTree = "<group>"; };
		766AC2101FC2F6B700843FEF /* KVOChange.swift */ = {isa = PBXFileReference; fileEncoding = 4; lastKnownFileType = sourcecode.swift; path = KVOChange.swift; sourceTree = "<group>"; };
		766AC2111FC2F6B700843FEF /* NotificationObserver.swift */ = {isa = PBXFileReference; fileEncoding = 4; lastKnownFileType = sourcecode.swift; path = NotificationObserver.swift; sourceTree = "<group>"; };
		766AC2121FC2F6B700843FEF /* NotificationToken.swift */ = {isa = PBXFileReference; fileEncoding = 4; lastKnownFileType = sourcecode.swift; path = NotificationToken.swift; sourceTree = "<group>"; };
		766AC2131FC2F6B700843FEF /* Observer.swift */ = {isa = PBXFileReference; fileEncoding = 4; lastKnownFileType = sourcecode.swift; path = Observer.swift; sourceTree = "<group>"; };
		766AC2231FC2F75800843FEF /* ItemObserver.swift */ = {isa = PBXFileReference; lastKnownFileType = sourcecode.swift; path = ItemObserver.swift; sourceTree = "<group>"; };
		766AC2251FC2F77000843FEF /* PlayerObserver.swift */ = {isa = PBXFileReference; lastKnownFileType = sourcecode.swift; path = PlayerObserver.swift; sourceTree = "<group>"; };
		766FE46C203AF484003B9B90 /* Error+Extensions.swift */ = {isa = PBXFileReference; lastKnownFileType = sourcecode.swift; path = "Error+Extensions.swift"; sourceTree = "<group>"; };
		767284EA20B6CBD300E8BCC3 /* TechDeallocationEventProvider.swift */ = {isa = PBXFileReference; lastKnownFileType = sourcecode.swift; path = TechDeallocationEventProvider.swift; sourceTree = "<group>"; };
		767EFCEB216370E200F6CC74 /* TimedMetadataProvider.swift */ = {isa = PBXFileReference; lastKnownFileType = sourcecode.swift; path = TimedMetadataProvider.swift; sourceTree = "<group>"; };
		7681014620595D4100EF7F52 /* UnmanagedPlayerObserver.swift */ = {isa = PBXFileReference; lastKnownFileType = sourcecode.swift; path = UnmanagedPlayerObserver.swift; sourceTree = "<group>"; };
		76810148205ABFBC00EF7F52 /* AirplayHandler.swift */ = {isa = PBXFileReference; lastKnownFileType = sourcecode.swift; path = AirplayHandler.swift; sourceTree = "<group>"; };
		7681014C205AC73500EF7F52 /* HLSNative+ManifestContext+Airplay.swift */ = {isa = PBXFileReference; lastKnownFileType = sourcecode.swift; path = "HLSNative+ManifestContext+Airplay.swift"; sourceTree = "<group>"; };
		768162B71F584E98003C654E /* README.md */ = {isa = PBXFileReference; fileEncoding = 4; lastKnownFileType = net.daringfireball.markdown; path = README.md; sourceTree = SOURCE_ROOT; };
		768162B91F584EDF003C654E /* CHANGELOG.md */ = {isa = PBXFileReference; fileEncoding = 4; lastKnownFileType = net.daringfireball.markdown; path = CHANGELOG.md; sourceTree = SOURCE_ROOT; };
		768162BB1F585577003C654E /* UPGRADE_GUIDE.md */ = {isa = PBXFileReference; fileEncoding = 4; lastKnownFileType = net.daringfireball.markdown; path = UPGRADE_GUIDE.md; sourceTree = SOURCE_ROOT; };
		7688D9641F596C0800206402 /* LICENSE */ = {isa = PBXFileReference; lastKnownFileType = text; path = LICENSE; sourceTree = SOURCE_ROOT; };
		7690E7C220404BB7003A6485 /* InvalidStartTimeSpec.swift */ = {isa = PBXFileReference; lastKnownFileType = sourcecode.swift; path = InvalidStartTimeSpec.swift; sourceTree = "<group>"; };
		7691BD37203C7A0E0038F754 /* MediaTrack.swift */ = {isa = PBXFileReference; lastKnownFileType = sourcecode.swift; path = MediaTrack.swift; sourceTree = "<group>"; };
		7691BD3A203C7A340038F754 /* MediaGroup.swift */ = {isa = PBXFileReference; lastKnownFileType = sourcecode.swift; path = MediaGroup.swift; sourceTree = "<group>"; };
		7691BD3C203C7A990038F754 /* AVMediaSelectionGroup+Extensions.swift */ = {isa = PBXFileReference; lastKnownFileType = sourcecode.swift; path = "AVMediaSelectionGroup+Extensions.swift"; sourceTree = "<group>"; };
		7691BD40203CAB230038F754 /* HLSNativeTrackSelectableSpec.swift */ = {isa = PBXFileReference; lastKnownFileType = sourcecode.swift; path = HLSNativeTrackSelectableSpec.swift; sourceTree = "<group>"; };
		7691BD42203CAC420038F754 /* TestEnv.swift */ = {isa = PBXFileReference; lastKnownFileType = sourcecode.swift; path = TestEnv.swift; sourceTree = "<group>"; };
		7691BD44203CAD210038F754 /* MockedAVPlayer.swift */ = {isa = PBXFileReference; lastKnownFileType = sourcecode.swift; path = MockedAVPlayer.swift; sourceTree = "<group>"; };
		7696508020B2DD9600B76A14 /* TraceProvider.swift */ = {isa = PBXFileReference; lastKnownFileType = sourcecode.swift; path = TraceProvider.swift; sourceTree = "<group>"; };
		76A8434E1EA77DF700BDAF2C /* Player.framework */ = {isa = PBXFileReference; explicitFileType = wrapper.framework; includeInIndex = 0; path = Player.framework; sourceTree = BUILT_PRODUCTS_DIR; };
		76A843511EA77DF700BDAF2C /* Player.h */ = {isa = PBXFileReference; lastKnownFileType = sourcecode.c.h; path = Player.h; sourceTree = "<group>"; };
		76A843521EA77DF700BDAF2C /* Info.plist */ = {isa = PBXFileReference; lastKnownFileType = text.plist.xml; path = Info.plist; sourceTree = "<group>"; };
		76A843571EA77DF700BDAF2C /* PlayerTests-iOS.xctest */ = {isa = PBXFileReference; explicitFileType = wrapper.cfbundle; includeInIndex = 0; path = "PlayerTests-iOS.xctest"; sourceTree = BUILT_PRODUCTS_DIR; };
		76A8435C1EA77DF700BDAF2C /* PlayerTests.swift */ = {isa = PBXFileReference; lastKnownFileType = sourcecode.swift; path = PlayerTests.swift; sourceTree = "<group>"; };
		76A8435E1EA77DF700BDAF2C /* Info.plist */ = {isa = PBXFileReference; lastKnownFileType = text.plist.xml; path = Info.plist; sourceTree = "<group>"; };
		76A843681EA77EC300BDAF2C /* Cartfile */ = {isa = PBXFileReference; fileEncoding = 4; lastKnownFileType = text; path = Cartfile; sourceTree = SOURCE_ROOT; };
		76A8437A1EA7819D00BDAF2C /* Sequence+Extensions.swift */ = {isa = PBXFileReference; fileEncoding = 4; lastKnownFileType = sourcecode.swift; path = "Sequence+Extensions.swift"; sourceTree = "<group>"; };
		76A843821EA7819D00BDAF2C /* Player.swift */ = {isa = PBXFileReference; fileEncoding = 4; lastKnownFileType = sourcecode.swift; path = Player.swift; sourceTree = "<group>"; };
		76A843871EA7819D00BDAF2C /* MediaPlayback.swift */ = {isa = PBXFileReference; fileEncoding = 4; lastKnownFileType = sourcecode.swift; path = MediaPlayback.swift; sourceTree = "<group>"; };
		76A843881EA7819D00BDAF2C /* MediaRendering.swift */ = {isa = PBXFileReference; fileEncoding = 4; lastKnownFileType = sourcecode.swift; path = MediaRendering.swift; sourceTree = "<group>"; };
		76A8438A1EA7819D00BDAF2C /* PlayerView.swift */ = {isa = PBXFileReference; fileEncoding = 4; lastKnownFileType = sourcecode.swift; path = PlayerView.swift; sourceTree = "<group>"; };
		76A844791EA7A15B00BDAF2C /* Utilities.framework */ = {isa = PBXFileReference; lastKnownFileType = wrapper.framework; name = Utilities.framework; path = "../../../../../../../Library/Developer/Xcode/DerivedData/iOSClient-gqrtyoluyawgxzelawxywyzbisfk/Build/Products/Debug-iphoneos/Utilities.framework"; sourceTree = "<group>"; };
		76A89CEB2020915700C23579 /* Date+Extensions.swift */ = {isa = PBXFileReference; lastKnownFileType = sourcecode.swift; path = "Date+Extensions.swift"; sourceTree = "<group>"; };
		76BBFBB01EA8D7BB001DBDDB /* Cartfile.resolved */ = {isa = PBXFileReference; fileEncoding = 4; lastKnownFileType = text; path = Cartfile.resolved; sourceTree = SOURCE_ROOT; };
		76BBFBB21EA8D7CD001DBDDB /* Cartfile.private */ = {isa = PBXFileReference; fileEncoding = 4; lastKnownFileType = text; path = Cartfile.private; sourceTree = SOURCE_ROOT; };
		76BBFBB41EA8DE29001DBDDB /* Quick.framework */ = {isa = PBXFileReference; lastKnownFileType = wrapper.framework; name = Quick.framework; path = "Carthage/Checkouts/Quick/build/Debug-iphoneos/Quick.framework"; sourceTree = "<group>"; };
		76BBFBB61EA8DE34001DBDDB /* Nimble.framework */ = {isa = PBXFileReference; lastKnownFileType = wrapper.framework; name = Nimble.framework; path = "Carthage/Checkouts/Nimble/build/Debug-iphoneos/Nimble.framework"; sourceTree = "<group>"; };
		76BCE05B2047E54B00F1E49C /* PlayerErrorSpec.swift */ = {isa = PBXFileReference; lastKnownFileType = sourcecode.swift; path = PlayerErrorSpec.swift; sourceTree = "<group>"; };
		76BCE06E20482BE400F1E49C /* getting-started.md */ = {isa = PBXFileReference; lastKnownFileType = net.daringfireball.markdown; path = "getting-started.md"; sourceTree = "<group>"; };
		76BCE07420482D5C00F1E49C /* modular-playback-technology.md */ = {isa = PBXFileReference; lastKnownFileType = net.daringfireball.markdown; path = "modular-playback-technology.md"; sourceTree = "<group>"; };
		76BCE07620482E5C00F1E49C /* responding-to-playback-events.md */ = {isa = PBXFileReference; lastKnownFileType = net.daringfireball.markdown; path = "responding-to-playback-events.md"; sourceTree = "<group>"; };
		76BCE07820482EF200F1E49C /* enabling-airplay.md */ = {isa = PBXFileReference; lastKnownFileType = net.daringfireball.markdown; path = "enabling-airplay.md"; sourceTree = "<group>"; };
		76BCE07A20482F3400F1E49C /* analytics-how-to.md */ = {isa = PBXFileReference; lastKnownFileType = net.daringfireball.markdown; path = "analytics-how-to.md"; sourceTree = "<group>"; };
		76BCE07C20482F4300F1E49C /* custom-playback-controls.md */ = {isa = PBXFileReference; lastKnownFileType = net.daringfireball.markdown; path = "custom-playback-controls.md"; sourceTree = "<group>"; };
		76BCE07E20482F6400F1E49C /* error-handling.md */ = {isa = PBXFileReference; lastKnownFileType = net.daringfireball.markdown; path = "error-handling.md"; sourceTree = "<group>"; };
		76BCE080204844BF00F1E49C /* subtitles-and-multi-audio.md */ = {isa = PBXFileReference; lastKnownFileType = net.daringfireball.markdown; path = "subtitles-and-multi-audio.md"; sourceTree = "<group>"; };
		76CD5AE5202B512B00941ABC /* TrackSelectable.swift */ = {isa = PBXFileReference; lastKnownFileType = sourcecode.swift; path = TrackSelectable.swift; sourceTree = "<group>"; };
		76CD5AE7202B55F200941ABC /* HLSNative+TrackSelectable.swift */ = {isa = PBXFileReference; lastKnownFileType = sourcecode.swift; path = "HLSNative+TrackSelectable.swift"; sourceTree = "<group>"; };
		76D4968F20455CE9008EF3C7 /* RateObserver.swift */ = {isa = PBXFileReference; lastKnownFileType = sourcecode.swift; path = RateObserver.swift; sourceTree = "<group>"; };
		76E7F0E3202056150071D8C9 /* Warning.swift */ = {isa = PBXFileReference; lastKnownFileType = sourcecode.swift; path = Warning.swift; sourceTree = "<group>"; };
		76E7F0E5202057E40071D8C9 /* HLSNativeWarning.swift */ = {isa = PBXFileReference; lastKnownFileType = sourcecode.swift; path = HLSNativeWarning.swift; sourceTree = "<group>"; };
		76EA01D5203DEA4C00B32345 /* NetworkBehavior.swift */ = {isa = PBXFileReference; lastKnownFileType = sourcecode.swift; path = NetworkBehavior.swift; sourceTree = "<group>"; };
		76EA01DB203EB20700B32345 /* HLSNativeConfiguration.swift */ = {isa = PBXFileReference; lastKnownFileType = sourcecode.swift; path = HLSNativeConfiguration.swift; sourceTree = "<group>"; };
		76EA01DD203EE72200B32345 /* HLSNativeNetworkBehavior.swift */ = {isa = PBXFileReference; lastKnownFileType = sourcecode.swift; path = HLSNativeNetworkBehavior.swift; sourceTree = "<group>"; };
		76EA01DF203EEC0E00B32345 /* HLSNative+NetworkBehavior.swift */ = {isa = PBXFileReference; lastKnownFileType = sourcecode.swift; path = "HLSNative+NetworkBehavior.swift"; sourceTree = "<group>"; };
/* End PBXFileReference section */

/* Begin PBXFrameworksBuildPhase section */
		7608009920691E19007F59D5 /* Frameworks */ = {
			isa = PBXFrameworksBuildPhase;
			buildActionMask = 2147483647;
			files = (
				7608009A20691E19007F59D5 /* Player.framework in Frameworks */,
				7608009B20691E19007F59D5 /* Quick.framework in Frameworks */,
				7608009C20691E19007F59D5 /* Nimble.framework in Frameworks */,
			);
			runOnlyForDeploymentPostprocessing = 0;
		};
		760800DC2069210E007F59D5 /* Frameworks */ = {
			isa = PBXFrameworksBuildPhase;
			buildActionMask = 2147483647;
			files = (
			);
			runOnlyForDeploymentPostprocessing = 0;
		};
		76A8434A1EA77DF700BDAF2C /* Frameworks */ = {
			isa = PBXFrameworksBuildPhase;
			buildActionMask = 2147483647;
			files = (
			);
			runOnlyForDeploymentPostprocessing = 0;
		};
		76A843541EA77DF700BDAF2C /* Frameworks */ = {
			isa = PBXFrameworksBuildPhase;
			buildActionMask = 2147483647;
			files = (
				76A843581EA77DF700BDAF2C /* Player.framework in Frameworks */,
				76BBFBB51EA8DE29001DBDDB /* Quick.framework in Frameworks */,
				76BBFBB71EA8DE34001DBDDB /* Nimble.framework in Frameworks */,
			);
			runOnlyForDeploymentPostprocessing = 0;
		};
/* End PBXFrameworksBuildPhase section */

/* Begin PBXGroup section */
		760200FB2035C98700EF495D /* actions */ = {
			isa = PBXGroup;
			children = (
				760200FC2035C98700EF495D /* update_dependency_graph.rb */,
			);
			path = actions;
			sourceTree = "<group>";
		};
		76139F7D1F1CCFD600822023 /* Analytics */ = {
			isa = PBXGroup;
			children = (
				7696508020B2DD9600B76A14 /* TraceProvider.swift */,
				76139F7E1F1CCFEF00822023 /* AnalyticsProvider.swift */,
				767284EA20B6CBD300E8BCC3 /* TechDeallocationEventProvider.swift */,
				7644FBBF21189236006CEBF0 /* SourceAbandonedEventProvider.swift */,
				766039161FC6DFA200E79091 /* AnalyticsConnector.swift */,
				767EFCEB216370E200F6CC74 /* TimedMetadataProvider.swift */,
				7660391C1FC6E0AB00E79091 /* Connectors */,
				7660391F1FC6E0E700E79091 /* Providers */,
			);
			path = Analytics;
			sourceTree = "<group>";
		};
		7619E55A1FCC161100ACACAE /* Components */ = {
			isa = PBXGroup;
			children = (
				766039281FC7069900E79091 /* Player+ManifestContext.swift */,
				7681014C205AC73500EF7F52 /* HLSNative+ManifestContext+Airplay.swift */,
			);
			path = Components;
			sourceTree = "<group>";
		};
		766039111FC6D08E00E79091 /* Components */ = {
			isa = PBXGroup;
			children = (
				7660390F1FC6D08800E79091 /* HLSNative+MediaPlayback.swift */,
				7621A5F71FC84CDC00E30973 /* HLSNative+MediaRendering.swift */,
				766039121FC6D1DC00E79091 /* HLSNative+StartTime.swift */,
				76CD5AE7202B55F200941ABC /* HLSNative+TrackSelectable.swift */,
				76EA01DF203EEC0E00B32345 /* HLSNative+NetworkBehavior.swift */,
			);
			path = Components;
			sourceTree = "<group>";
		};
		7660391C1FC6E0AB00E79091 /* Connectors */ = {
			isa = PBXGroup;
			children = (
				7660391A1FC6E07500E79091 /* PassThroughConnector.swift */,
			);
			path = Connectors;
			sourceTree = "<group>";
		};
		7660391F1FC6E0E700E79091 /* Providers */ = {
			isa = PBXGroup;
			children = (
				7660391D1FC6E0BB00E79091 /* AnalyticsLogger.swift */,
			);
			path = Providers;
			sourceTree = "<group>";
		};
		7667AEC21EC5C0FE00C308FC /* fastlane */ = {
			isa = PBXGroup;
			children = (
				760200FB2035C98700EF495D /* actions */,
				7667AEC31EC5C0FE00C308FC /* Appfile */,
				7667AEC41EC5C0FE00C308FC /* Fastfile */,
				7667AEC71EC5C12100C308FC /* .env */,
			);
			path = fastlane;
			sourceTree = SOURCE_ROOT;
		};
		766AC1E31FC2E72B00843FEF /* Tech */ = {
			isa = PBXGroup;
			children = (
				766AC1E41FC2E73B00843FEF /* Tech.swift */,
				766AC2071FC2F6B700843FEF /* HLS */,
			);
			path = Tech;
			sourceTree = "<group>";
		};
		766AC2071FC2F6B700843FEF /* HLS */ = {
			isa = PBXGroup;
			children = (
				766AC20C1FC2F6B700843FEF /* HLSNative.swift */,
				766AC20D1FC2F6B700843FEF /* HLSNativeError.swift */,
				76E7F0E5202057E40071D8C9 /* HLSNativeWarning.swift */,
				766AC20B1FC2F6B700843FEF /* FairplayRequester.swift */,
				76810148205ABFBC00EF7F52 /* AirplayHandler.swift */,
				76EA01DB203EB20700B32345 /* HLSNativeConfiguration.swift */,
				766039111FC6D08E00E79091 /* Components */,
				766AC2211FC2F6D400843FEF /* Extensions */,
				766AC2221FC2F6E200843FEF /* Observation */,
				7691BD39203C7A1F0038F754 /* Tracks */,
			);
			path = HLS;
			sourceTree = "<group>";
		};
		766AC2211FC2F6D400843FEF /* Extensions */ = {
			isa = PBXGroup;
			children = (
				766AC2081FC2F6B700843FEF /* AVAsset+LoadableKeys.swift */,
				766AC2091FC2F6B700843FEF /* AVPlayer+KeyValueObservable.swift */,
				766AC20A1FC2F6B700843FEF /* AVPlayerItem+Extensions.swift */,
				7613F8F520B5B53A00AC148F /* AVPlayerItemErrorLogEvent+Extensions.swift */,
				7613F8F720B5B55100AC148F /* AVPlayerItemAccessLogEvent+Extensions.swift */,
				7691BD3C203C7A990038F754 /* AVMediaSelectionGroup+Extensions.swift */,
			);
			path = Extensions;
			sourceTree = "<group>";
		};
		766AC2221FC2F6E200843FEF /* Observation */ = {
			isa = PBXGroup;
			children = (
				7681014620595D4100EF7F52 /* UnmanagedPlayerObserver.swift */,
				76D4968F20455CE9008EF3C7 /* RateObserver.swift */,
				766AC20E1FC2F6B700843FEF /* KeyValueObservable.swift */,
				766AC20F1FC2F6B700843FEF /* KeyValueObserver.swift */,
				766AC2111FC2F6B700843FEF /* NotificationObserver.swift */,
				766AC2101FC2F6B700843FEF /* KVOChange.swift */,
				766AC2121FC2F6B700843FEF /* NotificationToken.swift */,
				766AC2131FC2F6B700843FEF /* Observer.swift */,
				766AC2231FC2F75800843FEF /* ItemObserver.swift */,
				766AC2251FC2F77000843FEF /* PlayerObserver.swift */,
			);
			path = Observation;
			sourceTree = "<group>";
		};
		766AC2271FC2F89300843FEF /* Context */ = {
			isa = PBXGroup;
			children = (
				766AC1DF1FC2E5DE00843FEF /* MediaContext.swift */,
				766AC1E11FC2E61100843FEF /* MediaSource.swift */,
				76010C89212C5010008DB688 /* MediaSourceRequestHeaders.swift */,
				766AC2281FC2F89300843FEF /* Manifest */,
			);
			path = Context;
			sourceTree = "<group>";
		};
		766AC2281FC2F89300843FEF /* Manifest */ = {
			isa = PBXGroup;
			children = (
				766039241FC6E24500E79091 /* ManifestContext.swift */,
				766039261FC6E25800E79091 /* Manifest.swift */,
				7619E55A1FCC161100ACACAE /* Components */,
			);
			path = Manifest;
			sourceTree = "<group>";
		};
		768162B61F584DF1003C654E /* Documentation */ = {
			isa = PBXGroup;
			children = (
				76BCE06E20482BE400F1E49C /* getting-started.md */,
				76BCE07420482D5C00F1E49C /* modular-playback-technology.md */,
				76BCE07620482E5C00F1E49C /* responding-to-playback-events.md */,
				76BCE07820482EF200F1E49C /* enabling-airplay.md */,
				76BCE07A20482F3400F1E49C /* analytics-how-to.md */,
				76BCE07C20482F4300F1E49C /* custom-playback-controls.md */,
				76BCE07E20482F6400F1E49C /* error-handling.md */,
				76BCE080204844BF00F1E49C /* subtitles-and-multi-audio.md */,
			);
			path = Documentation;
			sourceTree = SOURCE_ROOT;
		};
		7691BD39203C7A1F0038F754 /* Tracks */ = {
			isa = PBXGroup;
			children = (
				7691BD37203C7A0E0038F754 /* MediaTrack.swift */,
				7691BD3A203C7A340038F754 /* MediaGroup.swift */,
			);
			path = Tracks;
			sourceTree = "<group>";
		};
		76A843441EA77DF700BDAF2C = {
			isa = PBXGroup;
			children = (
				76A843501EA77DF700BDAF2C /* Player */,
				76A8435B1EA77DF700BDAF2C /* PlayerTests */,
				76A8434F1EA77DF700BDAF2C /* Products */,
				76A8436A1EA7811200BDAF2C /* Frameworks */,
			);
			sourceTree = "<group>";
		};
		76A8434F1EA77DF700BDAF2C /* Products */ = {
			isa = PBXGroup;
			children = (
				76A8434E1EA77DF700BDAF2C /* Player.framework */,
				76A843571EA77DF700BDAF2C /* PlayerTests-iOS.xctest */,
				760800A220691E19007F59D5 /* PlayerTests-tvOS.xctest */,
				760800E32069210E007F59D5 /* Player.framework */,
			);
			name = Products;
			sourceTree = "<group>";
		};
		76A843501EA77DF700BDAF2C /* Player */ = {
			isa = PBXGroup;
			children = (
				7688D9641F596C0800206402 /* LICENSE */,
				768162B71F584E98003C654E /* README.md */,
				768162B91F584EDF003C654E /* CHANGELOG.md */,
				768162BB1F585577003C654E /* UPGRADE_GUIDE.md */,
				768162B61F584DF1003C654E /* Documentation */,
				7667AEC21EC5C0FE00C308FC /* fastlane */,
				76A843681EA77EC300BDAF2C /* Cartfile */,
				76BBFBB21EA8D7CD001DBDDB /* Cartfile.private */,
				76BBFBB01EA8D7BB001DBDDB /* Cartfile.resolved */,
				76A843511EA77DF700BDAF2C /* Player.h */,
				76A843521EA77DF700BDAF2C /* Info.plist */,
				76A843821EA7819D00BDAF2C /* Player.swift */,
				7619E54D1FCC05D600ACACAE /* PlayerError.swift */,
				76E7F0E3202056150071D8C9 /* Warning.swift */,
				76139F7D1F1CCFD600822023 /* Analytics */,
				76A843731EA7819D00BDAF2C /* Events */,
				76A843761EA7819D00BDAF2C /* Extensions */,
				766AC2271FC2F89300843FEF /* Context */,
				76A843851EA7819D00BDAF2C /* Components */,
				766AC1E31FC2E72B00843FEF /* Tech */,
				76A843891EA7819D00BDAF2C /* Views */,
			);
			path = Player;
			sourceTree = "<group>";
		};
		76A8435B1EA77DF700BDAF2C /* PlayerTests */ = {
			isa = PBXGroup;
			children = (
				76A8435C1EA77DF700BDAF2C /* PlayerTests.swift */,
				76A8435E1EA77DF700BDAF2C /* Info.plist */,
				7691BD40203CAB230038F754 /* HLSNativeTrackSelectableSpec.swift */,
				7691BD42203CAC420038F754 /* TestEnv.swift */,
				7691BD44203CAD210038F754 /* MockedAVPlayer.swift */,
				76EA01DD203EE72200B32345 /* HLSNativeNetworkBehavior.swift */,
				7690E7C220404BB7003A6485 /* InvalidStartTimeSpec.swift */,
				76BCE05B2047E54B00F1E49C /* PlayerErrorSpec.swift */,
			);
			path = PlayerTests;
			sourceTree = "<group>";
		};
		76A8436A1EA7811200BDAF2C /* Frameworks */ = {
			isa = PBXGroup;
			children = (
				76BBFBB61EA8DE34001DBDDB /* Nimble.framework */,
				76BBFBB41EA8DE29001DBDDB /* Quick.framework */,
				76A844791EA7A15B00BDAF2C /* Utilities.framework */,
			);
			name = Frameworks;
			sourceTree = "<group>";
		};
		76A843731EA7819D00BDAF2C /* Events */ = {
			isa = PBXGroup;
			children = (
				766039141FC6DF4500E79091 /* EventResponder.swift */,
				766039221FC6E17900E79091 /* EventDispatcher.swift */,
			);
			path = Events;
			sourceTree = "<group>";
		};
		76A843761EA7819D00BDAF2C /* Extensions */ = {
			isa = PBXGroup;
			children = (
				76A8437A1EA7819D00BDAF2C /* Sequence+Extensions.swift */,
				76A89CEB2020915700C23579 /* Date+Extensions.swift */,
				766FE46C203AF484003B9B90 /* Error+Extensions.swift */,
				7619B4982175CDE000EE0DC8 /* Int64+Extensions.swift */,
			);
			path = Extensions;
			sourceTree = "<group>";
		};
		76A843851EA7819D00BDAF2C /* Components */ = {
			isa = PBXGroup;
			children = (
				76A843871EA7819D00BDAF2C /* MediaPlayback.swift */,
				76A843881EA7819D00BDAF2C /* MediaRendering.swift */,
				7602E8881F38341A00601CD4 /* StartTime.swift */,
				76CD5AE5202B512B00941ABC /* TrackSelectable.swift */,
				76EA01D5203DEA4C00B32345 /* NetworkBehavior.swift */,
			);
			path = Components;
			sourceTree = "<group>";
		};
		76A843891EA7819D00BDAF2C /* Views */ = {
			isa = PBXGroup;
			children = (
				76A8438A1EA7819D00BDAF2C /* PlayerView.swift */,
			);
			path = Views;
			sourceTree = "<group>";
		};
/* End PBXGroup section */

/* Begin PBXHeadersBuildPhase section */
		760800DD2069210E007F59D5 /* Headers */ = {
			isa = PBXHeadersBuildPhase;
			buildActionMask = 2147483647;
			files = (
				760800DE2069210E007F59D5 /* Player.h in Headers */,
			);
			runOnlyForDeploymentPostprocessing = 0;
		};
		76A8434B1EA77DF700BDAF2C /* Headers */ = {
			isa = PBXHeadersBuildPhase;
			buildActionMask = 2147483647;
			files = (
				76A8435F1EA77DF700BDAF2C /* Player.h in Headers */,
			);
			runOnlyForDeploymentPostprocessing = 0;
		};
/* End PBXHeadersBuildPhase section */

/* Begin PBXNativeTarget section */
		7608008E20691E19007F59D5 /* PlayerTests-tvOS */ = {
			isa = PBXNativeTarget;
			buildConfigurationList = 7608009F20691E19007F59D5 /* Build configuration list for PBXNativeTarget "PlayerTests-tvOS" */;
			buildPhases = (
				7608009120691E19007F59D5 /* Sources */,
				7608009920691E19007F59D5 /* Frameworks */,
				7608009E20691E19007F59D5 /* Resources */,
			);
			buildRules = (
			);
			dependencies = (
			);
			name = "PlayerTests-tvOS";
			productName = PlayerTests;
			productReference = 760800A220691E19007F59D5 /* PlayerTests-tvOS.xctest */;
			productType = "com.apple.product-type.bundle.unit-test";
		};
		760800A62069210E007F59D5 /* Player-tvOS */ = {
			isa = PBXNativeTarget;
			buildConfigurationList = 760800E02069210E007F59D5 /* Build configuration list for PBXNativeTarget "Player-tvOS" */;
			buildPhases = (
				760800A72069210E007F59D5 /* Sources */,
				760800DC2069210E007F59D5 /* Frameworks */,
				760800DD2069210E007F59D5 /* Headers */,
				760800DF2069210E007F59D5 /* Resources */,
			);
			buildRules = (
			);
			dependencies = (
			);
			name = "Player-tvOS";
			productName = Player;
			productReference = 760800E32069210E007F59D5 /* Player.framework */;
			productType = "com.apple.product-type.framework";
		};
		76A8434D1EA77DF700BDAF2C /* Player-iOS */ = {
			isa = PBXNativeTarget;
			buildConfigurationList = 76A843621EA77DF700BDAF2C /* Build configuration list for PBXNativeTarget "Player-iOS" */;
			buildPhases = (
				76A843491EA77DF700BDAF2C /* Sources */,
				76A8434A1EA77DF700BDAF2C /* Frameworks */,
				76A8434B1EA77DF700BDAF2C /* Headers */,
				76A8434C1EA77DF700BDAF2C /* Resources */,
			);
			buildRules = (
			);
			dependencies = (
			);
			name = "Player-iOS";
			productName = Player;
			productReference = 76A8434E1EA77DF700BDAF2C /* Player.framework */;
			productType = "com.apple.product-type.framework";
		};
		76A843561EA77DF700BDAF2C /* PlayerTests-iOS */ = {
			isa = PBXNativeTarget;
			buildConfigurationList = 76A843651EA77DF700BDAF2C /* Build configuration list for PBXNativeTarget "PlayerTests-iOS" */;
			buildPhases = (
				76A843531EA77DF700BDAF2C /* Sources */,
				76A843541EA77DF700BDAF2C /* Frameworks */,
				76A843551EA77DF700BDAF2C /* Resources */,
			);
			buildRules = (
			);
			dependencies = (
				76A8435A1EA77DF700BDAF2C /* PBXTargetDependency */,
			);
			name = "PlayerTests-iOS";
			productName = PlayerTests;
			productReference = 76A843571EA77DF700BDAF2C /* PlayerTests-iOS.xctest */;
			productType = "com.apple.product-type.bundle.unit-test";
		};
/* End PBXNativeTarget section */

/* Begin PBXProject section */
		76A843451EA77DF700BDAF2C /* Project object */ = {
			isa = PBXProject;
			attributes = {
				LastSwiftUpdateCheck = 0820;
				LastUpgradeCheck = 0900;
				ORGANIZATIONNAME = emp;
				TargetAttributes = {
					7608008E20691E19007F59D5 = {
						DevelopmentTeam = JCUPRVKEC5;
					};
					760800A62069210E007F59D5 = {
						DevelopmentTeam = JCUPRVKEC5;
						ProvisioningStyle = Automatic;
					};
					76A8434D1EA77DF700BDAF2C = {
						CreatedOnToolsVersion = 8.2.1;
						DevelopmentTeam = JCUPRVKEC5;
						LastSwiftMigration = 0900;
						ProvisioningStyle = Automatic;
					};
					76A843561EA77DF700BDAF2C = {
						CreatedOnToolsVersion = 8.2.1;
						DevelopmentTeam = JCUPRVKEC5;
						LastSwiftMigration = 0900;
						ProvisioningStyle = Automatic;
					};
				};
			};
			buildConfigurationList = 76A843481EA77DF700BDAF2C /* Build configuration list for PBXProject "Player" */;
			compatibilityVersion = "Xcode 3.2";
			developmentRegion = English;
			hasScannedForEncodings = 0;
			knownRegions = (
				English,
				en,
			);
			mainGroup = 76A843441EA77DF700BDAF2C;
			productRefGroup = 76A8434F1EA77DF700BDAF2C /* Products */;
			projectDirPath = "";
			projectRoot = "";
			targets = (
				76A8434D1EA77DF700BDAF2C /* Player-iOS */,
				76A843561EA77DF700BDAF2C /* PlayerTests-iOS */,
				760800A62069210E007F59D5 /* Player-tvOS */,
				7608008E20691E19007F59D5 /* PlayerTests-tvOS */,
			);
		};
/* End PBXProject section */

/* Begin PBXResourcesBuildPhase section */
		7608009E20691E19007F59D5 /* Resources */ = {
			isa = PBXResourcesBuildPhase;
			buildActionMask = 2147483647;
			files = (
			);
			runOnlyForDeploymentPostprocessing = 0;
		};
		760800DF2069210E007F59D5 /* Resources */ = {
			isa = PBXResourcesBuildPhase;
			buildActionMask = 2147483647;
			files = (
			);
			runOnlyForDeploymentPostprocessing = 0;
		};
		76A8434C1EA77DF700BDAF2C /* Resources */ = {
			isa = PBXResourcesBuildPhase;
			buildActionMask = 2147483647;
			files = (
			);
			runOnlyForDeploymentPostprocessing = 0;
		};
		76A843551EA77DF700BDAF2C /* Resources */ = {
			isa = PBXResourcesBuildPhase;
			buildActionMask = 2147483647;
			files = (
			);
			runOnlyForDeploymentPostprocessing = 0;
		};
/* End PBXResourcesBuildPhase section */

/* Begin PBXSourcesBuildPhase section */
		7608009120691E19007F59D5 /* Sources */ = {
			isa = PBXSourcesBuildPhase;
			buildActionMask = 2147483647;
			files = (
				7608009220691E19007F59D5 /* PlayerTests.swift in Sources */,
				7608009320691E19007F59D5 /* HLSNativeNetworkBehavior.swift in Sources */,
				7608009420691E19007F59D5 /* PlayerErrorSpec.swift in Sources */,
				7608009520691E19007F59D5 /* InvalidStartTimeSpec.swift in Sources */,
				7608009620691E19007F59D5 /* HLSNativeTrackSelectableSpec.swift in Sources */,
				7608009720691E19007F59D5 /* MockedAVPlayer.swift in Sources */,
				7608009820691E19007F59D5 /* TestEnv.swift in Sources */,
			);
			runOnlyForDeploymentPostprocessing = 0;
		};
		760800A72069210E007F59D5 /* Sources */ = {
			isa = PBXSourcesBuildPhase;
			buildActionMask = 2147483647;
			files = (
				760800A82069210E007F59D5 /* HLSNative+MediaPlayback.swift in Sources */,
				760800A92069210E007F59D5 /* FairplayRequester.swift in Sources */,
				760800AA2069210E007F59D5 /* AirplayHandler.swift in Sources */,
				760800AB2069210E007F59D5 /* PassThroughConnector.swift in Sources */,
				760800AC2069210E007F59D5 /* NotificationToken.swift in Sources */,
				760800AD2069210E007F59D5 /* MediaSource.swift in Sources */,
				760800AE2069210E007F59D5 /* Sequence+Extensions.swift in Sources */,
				760800AF2069210E007F59D5 /* MediaRendering.swift in Sources */,
				760800B02069210E007F59D5 /* AVPlayerItem+Extensions.swift in Sources */,
				760800B12069210E007F59D5 /* ItemObserver.swift in Sources */,
				760800B22069210E007F59D5 /* Player.swift in Sources */,
				767284F120B6EFA000E8BCC3 /* AVPlayerItemErrorLogEvent+Extensions.swift in Sources */,
				760800B32069210E007F59D5 /* PlayerError.swift in Sources */,
				7644FBC121189236006CEBF0 /* SourceAbandonedEventProvider.swift in Sources */,
				767284F220B6EFA200E8BCC3 /* AVPlayerItemAccessLogEvent+Extensions.swift in Sources */,
				760800B42069210E007F59D5 /* KVOChange.swift in Sources */,
				760800B52069210E007F59D5 /* EventResponder.swift in Sources */,
				760800B62069210E007F59D5 /* HLSNative+NetworkBehavior.swift in Sources */,
				760800B72069210E007F59D5 /* NotificationObserver.swift in Sources */,
				760800B82069210E007F59D5 /* HLSNativeConfiguration.swift in Sources */,
				760800B92069210E007F59D5 /* ManifestContext.swift in Sources */,
				760800BA2069210E007F59D5 /* EventDispatcher.swift in Sources */,
				760800BB2069210E007F59D5 /* AVMediaSelectionGroup+Extensions.swift in Sources */,
				760800BC2069210E007F59D5 /* UnmanagedPlayerObserver.swift in Sources */,
				760800BD2069210E007F59D5 /* PlayerObserver.swift in Sources */,
				760800BE2069210E007F59D5 /* HLSNativeError.swift in Sources */,
				760800BF2069210E007F59D5 /* AnalyticsProvider.swift in Sources */,
				767284EC20B6CBD300E8BCC3 /* TechDeallocationEventProvider.swift in Sources */,
				760800C02069210E007F59D5 /* AVAsset+LoadableKeys.swift in Sources */,
				760800C12069210E007F59D5 /* TrackSelectable.swift in Sources */,
				760800C22069210E007F59D5 /* MediaPlayback.swift in Sources */,
				760800C32069210E007F59D5 /* HLSNative.swift in Sources */,
				760800C42069210E007F59D5 /* HLSNative+TrackSelectable.swift in Sources */,
				760800C52069210E007F59D5 /* Player+ManifestContext.swift in Sources */,
				760800C62069210E007F59D5 /* HLSNativeWarning.swift in Sources */,
				760800C72069210E007F59D5 /* Warning.swift in Sources */,
				760800C82069210E007F59D5 /* Tech.swift in Sources */,
				760800C92069210E007F59D5 /* RateObserver.swift in Sources */,
				760800CA2069210E007F59D5 /* AnalyticsConnector.swift in Sources */,
				760800CB2069210E007F59D5 /* Observer.swift in Sources */,
				760800CC2069210E007F59D5 /* MediaContext.swift in Sources */,
				760800CD2069210E007F59D5 /* Date+Extensions.swift in Sources */,
				760800CE2069210E007F59D5 /* NetworkBehavior.swift in Sources */,
				7696508220B2DD9600B76A14 /* TraceProvider.swift in Sources */,
				760800CF2069210E007F59D5 /* MediaGroup.swift in Sources */,
				760800D02069210E007F59D5 /* AnalyticsLogger.swift in Sources */,
				76010C8B212C5010008DB688 /* MediaSourceRequestHeaders.swift in Sources */,
				760800D12069210E007F59D5 /* HLSNative+ManifestContext+Airplay.swift in Sources */,
				760800D22069210E007F59D5 /* AVPlayer+KeyValueObservable.swift in Sources */,
				760800D32069210E007F59D5 /* HLSNative+MediaRendering.swift in Sources */,
				760800D42069210E007F59D5 /* MediaTrack.swift in Sources */,
				7619B49A2175CDEE00EE0DC8 /* Int64+Extensions.swift in Sources */,
				760800D52069210E007F59D5 /* HLSNative+StartTime.swift in Sources */,
				760800D62069210E007F59D5 /* KeyValueObserver.swift in Sources */,
				760800D72069210E007F59D5 /* StartTime.swift in Sources */,
				760800D82069210E007F59D5 /* Error+Extensions.swift in Sources */,
				760800D92069210E007F59D5 /* Manifest.swift in Sources */,
				760800DA2069210E007F59D5 /* KeyValueObservable.swift in Sources */,
				767EFCED216370E200F6CC74 /* TimedMetadataProvider.swift in Sources */,
				760800DB2069210E007F59D5 /* PlayerView.swift in Sources */,
			);
			runOnlyForDeploymentPostprocessing = 0;
		};
		76A843491EA77DF700BDAF2C /* Sources */ = {
			isa = PBXSourcesBuildPhase;
			buildActionMask = 2147483647;
			files = (
				766039101FC6D08800E79091 /* HLSNative+MediaPlayback.swift in Sources */,
				766AC2171FC2F6B700843FEF /* FairplayRequester.swift in Sources */,
				76810149205ABFBC00EF7F52 /* AirplayHandler.swift in Sources */,
				7660391B1FC6E07500E79091 /* PassThroughConnector.swift in Sources */,
				766AC21E1FC2F6B700843FEF /* NotificationToken.swift in Sources */,
				766AC1E21FC2E61100843FEF /* MediaSource.swift in Sources */,
				76A843901EA7819D00BDAF2C /* Sequence+Extensions.swift in Sources */,
				76A8439C1EA7819D00BDAF2C /* MediaRendering.swift in Sources */,
				766AC2161FC2F6B700843FEF /* AVPlayerItem+Extensions.swift in Sources */,
				766AC2241FC2F75800843FEF /* ItemObserver.swift in Sources */,
				76A843971EA7819D00BDAF2C /* Player.swift in Sources */,
				7613F8F620B5B53A00AC148F /* AVPlayerItemErrorLogEvent+Extensions.swift in Sources */,
				7619E54E1FCC05D600ACACAE /* PlayerError.swift in Sources */,
				7644FBC021189236006CEBF0 /* SourceAbandonedEventProvider.swift in Sources */,
				7613F8F820B5B55100AC148F /* AVPlayerItemAccessLogEvent+Extensions.swift in Sources */,
				766AC21C1FC2F6B700843FEF /* KVOChange.swift in Sources */,
				766039151FC6DF4500E79091 /* EventResponder.swift in Sources */,
				76EA01E0203EEC0E00B32345 /* HLSNative+NetworkBehavior.swift in Sources */,
				766AC21D1FC2F6B700843FEF /* NotificationObserver.swift in Sources */,
				76EA01DC203EB20700B32345 /* HLSNativeConfiguration.swift in Sources */,
				766039251FC6E24500E79091 /* ManifestContext.swift in Sources */,
				766039231FC6E17900E79091 /* EventDispatcher.swift in Sources */,
				7691BD3D203C7A990038F754 /* AVMediaSelectionGroup+Extensions.swift in Sources */,
				767284EB20B6CBD300E8BCC3 /* TechDeallocationEventProvider.swift in Sources */,
				7681014720595D4100EF7F52 /* UnmanagedPlayerObserver.swift in Sources */,
				766AC2261FC2F77000843FEF /* PlayerObserver.swift in Sources */,
				766AC2191FC2F6B700843FEF /* HLSNativeError.swift in Sources */,
				76139F7F1F1CCFEF00822023 /* AnalyticsProvider.swift in Sources */,
				766AC2141FC2F6B700843FEF /* AVAsset+LoadableKeys.swift in Sources */,
				76CD5AE6202B512B00941ABC /* TrackSelectable.swift in Sources */,
				76A8439B1EA7819D00BDAF2C /* MediaPlayback.swift in Sources */,
				766AC2181FC2F6B700843FEF /* HLSNative.swift in Sources */,
				76CD5AE8202B55F200941ABC /* HLSNative+TrackSelectable.swift in Sources */,
				766039291FC7069900E79091 /* Player+ManifestContext.swift in Sources */,
				76E7F0E6202057E40071D8C9 /* HLSNativeWarning.swift in Sources */,
				76E7F0E4202056150071D8C9 /* Warning.swift in Sources */,
				766AC1E51FC2E73B00843FEF /* Tech.swift in Sources */,
				76D4969020455CE9008EF3C7 /* RateObserver.swift in Sources */,
				766039171FC6DFA200E79091 /* AnalyticsConnector.swift in Sources */,
				766AC21F1FC2F6B700843FEF /* Observer.swift in Sources */,
				766AC1E01FC2E5DE00843FEF /* MediaContext.swift in Sources */,
				76A89CEC2020915700C23579 /* Date+Extensions.swift in Sources */,
				76EA01D6203DEA4C00B32345 /* NetworkBehavior.swift in Sources */,
				7696508120B2DD9600B76A14 /* TraceProvider.swift in Sources */,
				7691BD3B203C7A340038F754 /* MediaGroup.swift in Sources */,
				7660391E1FC6E0BB00E79091 /* AnalyticsLogger.swift in Sources */,
				76010C8A212C5010008DB688 /* MediaSourceRequestHeaders.swift in Sources */,
				7681014D205AC73500EF7F52 /* HLSNative+ManifestContext+Airplay.swift in Sources */,
				766AC2151FC2F6B700843FEF /* AVPlayer+KeyValueObservable.swift in Sources */,
				7621A5F81FC84CDC00E30973 /* HLSNative+MediaRendering.swift in Sources */,
				7691BD38203C7A0E0038F754 /* MediaTrack.swift in Sources */,
				7619B4992175CDE000EE0DC8 /* Int64+Extensions.swift in Sources */,
				766039131FC6D1DC00E79091 /* HLSNative+StartTime.swift in Sources */,
				766AC21B1FC2F6B700843FEF /* KeyValueObserver.swift in Sources */,
				7602E8891F38341A00601CD4 /* StartTime.swift in Sources */,
				766FE46D203AF484003B9B90 /* Error+Extensions.swift in Sources */,
				766039271FC6E25800E79091 /* Manifest.swift in Sources */,
				766AC21A1FC2F6B700843FEF /* KeyValueObservable.swift in Sources */,
				767EFCEC216370E200F6CC74 /* TimedMetadataProvider.swift in Sources */,
				76A8439D1EA7819D00BDAF2C /* PlayerView.swift in Sources */,
			);
			runOnlyForDeploymentPostprocessing = 0;
		};
		76A843531EA77DF700BDAF2C /* Sources */ = {
			isa = PBXSourcesBuildPhase;
			buildActionMask = 2147483647;
			files = (
				76A8435D1EA77DF700BDAF2C /* PlayerTests.swift in Sources */,
				76EA01DE203EE72200B32345 /* HLSNativeNetworkBehavior.swift in Sources */,
				76BCE05C2047E54B00F1E49C /* PlayerErrorSpec.swift in Sources */,
				7690E7C320404BB7003A6485 /* InvalidStartTimeSpec.swift in Sources */,
				7691BD41203CAB230038F754 /* HLSNativeTrackSelectableSpec.swift in Sources */,
				7691BD45203CAD210038F754 /* MockedAVPlayer.swift in Sources */,
				7691BD43203CAC420038F754 /* TestEnv.swift in Sources */,
			);
			runOnlyForDeploymentPostprocessing = 0;
		};
/* End PBXSourcesBuildPhase section */

/* Begin PBXTargetDependency section */
		76A8435A1EA77DF700BDAF2C /* PBXTargetDependency */ = {
			isa = PBXTargetDependency;
			target = 76A8434D1EA77DF700BDAF2C /* Player-iOS */;
			targetProxy = 76A843591EA77DF700BDAF2C /* PBXContainerItemProxy */;
		};
/* End PBXTargetDependency section */

/* Begin XCBuildConfiguration section */
		760800A020691E19007F59D5 /* Debug */ = {
			isa = XCBuildConfiguration;
			buildSettings = {
				ALWAYS_EMBED_SWIFT_STANDARD_LIBRARIES = YES;
				DEVELOPMENT_TEAM = JCUPRVKEC5;
				FRAMEWORK_SEARCH_PATHS = (
					"$(inherited)",
					"@executable_path/Frameworks",
					"@loader_path/Frameworks",
				);
				INFOPLIST_FILE = PlayerTests/Info.plist;
				LD_RUNPATH_SEARCH_PATHS = "$(inherited) @executable_path/Frameworks @loader_path/Frameworks";
				PRODUCT_BUNDLE_IDENTIFIER = com.emp.PlayerTests;
				PRODUCT_NAME = "$(TARGET_NAME)";
				SUPPORTED_PLATFORMS = "appletvsimulator appletvos";
				SWIFT_SWIFT3_OBJC_INFERENCE = On;
				SWIFT_VERSION = 4.2;
				TVOS_DEPLOYMENT_TARGET = 9.0;
			};
			name = Debug;
		};
		760800A120691E19007F59D5 /* Release */ = {
			isa = XCBuildConfiguration;
			buildSettings = {
				ALWAYS_EMBED_SWIFT_STANDARD_LIBRARIES = YES;
				DEVELOPMENT_TEAM = JCUPRVKEC5;
				FRAMEWORK_SEARCH_PATHS = (
					"$(inherited)",
					"@executable_path/Frameworks",
					"@loader_path/Frameworks",
				);
				INFOPLIST_FILE = PlayerTests/Info.plist;
				LD_RUNPATH_SEARCH_PATHS = "$(inherited) @executable_path/Frameworks @loader_path/Frameworks";
				PRODUCT_BUNDLE_IDENTIFIER = com.emp.PlayerTests;
				PRODUCT_NAME = "$(TARGET_NAME)";
				SUPPORTED_PLATFORMS = "appletvsimulator appletvos";
				SWIFT_SWIFT3_OBJC_INFERENCE = On;
				SWIFT_VERSION = 4.2;
				TVOS_DEPLOYMENT_TARGET = 9.0;
			};
			name = Release;
		};
		760800E12069210E007F59D5 /* Debug */ = {
			isa = XCBuildConfiguration;
			buildSettings = {
				CLANG_ENABLE_MODULES = YES;
				CODE_SIGN_IDENTITY = "";
				"CODE_SIGN_IDENTITY[sdk=iphoneos*]" = "iPhone Developer";
				CODE_SIGN_STYLE = Automatic;
				DEFINES_MODULE = YES;
				DEVELOPMENT_TEAM = JCUPRVKEC5;
				DYLIB_COMPATIBILITY_VERSION = 1;
				DYLIB_CURRENT_VERSION = 152;
				DYLIB_INSTALL_NAME_BASE = "@rpath";
				FRAMEWORK_SEARCH_PATHS = (
					"$(inherited)",
					"@loader_path/Frameworks",
					"@executable_path/Frameworks",
				);
				INFOPLIST_FILE = Player/Info.plist;
				INSTALL_PATH = "$(LOCAL_LIBRARY_DIR)/Frameworks";
				IPHONEOS_DEPLOYMENT_TARGET = 9.0;
				LD_RUNPATH_SEARCH_PATHS = "$(inherited) @executable_path/Frameworks @loader_path/Frameworks";
				OTHER_SWIFT_FLAGS = "";
				PRODUCT_BUNDLE_IDENTIFIER = com.emp.Player;
				PRODUCT_NAME = Player;
				PROVISIONING_PROFILE_SPECIFIER = "";
				SDKROOT = appletvos;
				SKIP_INSTALL = YES;
				SWIFT_OPTIMIZATION_LEVEL = "-Onone";
				SWIFT_SWIFT3_OBJC_INFERENCE = Off;
				SWIFT_VERSION = 4.2;
				TARGETED_DEVICE_FAMILY = 3;
				TVOS_DEPLOYMENT_TARGET = 9.0;
			};
			name = Debug;
		};
		760800E22069210E007F59D5 /* Release */ = {
			isa = XCBuildConfiguration;
			buildSettings = {
				CLANG_ENABLE_MODULES = YES;
				CODE_SIGN_IDENTITY = "";
				"CODE_SIGN_IDENTITY[sdk=iphoneos*]" = "iPhone Developer";
				CODE_SIGN_STYLE = Automatic;
				DEFINES_MODULE = YES;
				DEVELOPMENT_TEAM = JCUPRVKEC5;
				DYLIB_COMPATIBILITY_VERSION = 1;
				DYLIB_CURRENT_VERSION = 152;
				DYLIB_INSTALL_NAME_BASE = "@rpath";
				FRAMEWORK_SEARCH_PATHS = (
					"$(inherited)",
					"@loader_path/Frameworks",
					"@executable_path/Frameworks",
				);
				INFOPLIST_FILE = Player/Info.plist;
				INSTALL_PATH = "$(LOCAL_LIBRARY_DIR)/Frameworks";
				IPHONEOS_DEPLOYMENT_TARGET = 9.0;
				LD_RUNPATH_SEARCH_PATHS = "$(inherited) @executable_path/Frameworks @loader_path/Frameworks";
				OTHER_SWIFT_FLAGS = "";
				PRODUCT_BUNDLE_IDENTIFIER = com.emp.Player;
				PRODUCT_NAME = Player;
				PROVISIONING_PROFILE_SPECIFIER = "";
				SDKROOT = appletvos;
				SKIP_INSTALL = YES;
				SWIFT_SWIFT3_OBJC_INFERENCE = Off;
				SWIFT_VERSION = 4.2;
				TARGETED_DEVICE_FAMILY = 3;
				TVOS_DEPLOYMENT_TARGET = 9.0;
			};
			name = Release;
		};
		76A843601EA77DF700BDAF2C /* Debug */ = {
			isa = XCBuildConfiguration;
			buildSettings = {
				ALWAYS_SEARCH_USER_PATHS = NO;
				CLANG_ANALYZER_NONNULL = YES;
				CLANG_CXX_LANGUAGE_STANDARD = "gnu++0x";
				CLANG_CXX_LIBRARY = "libc++";
				CLANG_ENABLE_MODULES = YES;
				CLANG_ENABLE_OBJC_ARC = YES;
				CLANG_WARN_BLOCK_CAPTURE_AUTORELEASING = YES;
				CLANG_WARN_BOOL_CONVERSION = YES;
				CLANG_WARN_COMMA = YES;
				CLANG_WARN_CONSTANT_CONVERSION = YES;
				CLANG_WARN_DIRECT_OBJC_ISA_USAGE = YES_ERROR;
				CLANG_WARN_DOCUMENTATION_COMMENTS = YES;
				CLANG_WARN_EMPTY_BODY = YES;
				CLANG_WARN_ENUM_CONVERSION = YES;
				CLANG_WARN_INFINITE_RECURSION = YES;
				CLANG_WARN_INT_CONVERSION = YES;
				CLANG_WARN_NON_LITERAL_NULL_CONVERSION = YES;
				CLANG_WARN_OBJC_LITERAL_CONVERSION = YES;
				CLANG_WARN_OBJC_ROOT_CLASS = YES_ERROR;
				CLANG_WARN_RANGE_LOOP_ANALYSIS = YES;
				CLANG_WARN_STRICT_PROTOTYPES = YES;
				CLANG_WARN_SUSPICIOUS_MOVE = YES;
				CLANG_WARN_UNREACHABLE_CODE = YES;
				CLANG_WARN__DUPLICATE_METHOD_MATCH = YES;
				"CODE_SIGN_IDENTITY[sdk=iphoneos*]" = "iPhone Developer";
				COPY_PHASE_STRIP = NO;
				CURRENT_PROJECT_VERSION = 152;
				DEBUG_INFORMATION_FORMAT = dwarf;
				ENABLE_STRICT_OBJC_MSGSEND = YES;
				ENABLE_TESTABILITY = YES;
				GCC_C_LANGUAGE_STANDARD = gnu99;
				GCC_DYNAMIC_NO_PIC = NO;
				GCC_NO_COMMON_BLOCKS = YES;
				GCC_OPTIMIZATION_LEVEL = 0;
				GCC_PREPROCESSOR_DEFINITIONS = (
					"DEBUG=1",
					"$(inherited)",
				);
				GCC_WARN_64_TO_32_BIT_CONVERSION = YES;
				GCC_WARN_ABOUT_RETURN_TYPE = YES_ERROR;
				GCC_WARN_UNDECLARED_SELECTOR = YES;
				GCC_WARN_UNINITIALIZED_AUTOS = YES_AGGRESSIVE;
				GCC_WARN_UNUSED_FUNCTION = YES;
				GCC_WARN_UNUSED_VARIABLE = YES;
				IPHONEOS_DEPLOYMENT_TARGET = 10.2;
				MTL_ENABLE_DEBUG_INFO = YES;
				ONLY_ACTIVE_ARCH = YES;
				SDKROOT = iphoneos;
				SWIFT_ACTIVE_COMPILATION_CONDITIONS = DEBUG;
				SWIFT_OPTIMIZATION_LEVEL = "-Onone";
				SWIFT_VERSION = 4.2;
				TARGETED_DEVICE_FAMILY = "1,2";
				VERSIONING_SYSTEM = "apple-generic";
				VERSION_INFO_PREFIX = "";
			};
			name = Debug;
		};
		76A843611EA77DF700BDAF2C /* Release */ = {
			isa = XCBuildConfiguration;
			buildSettings = {
				ALWAYS_SEARCH_USER_PATHS = NO;
				CLANG_ANALYZER_NONNULL = YES;
				CLANG_CXX_LANGUAGE_STANDARD = "gnu++0x";
				CLANG_CXX_LIBRARY = "libc++";
				CLANG_ENABLE_MODULES = YES;
				CLANG_ENABLE_OBJC_ARC = YES;
				CLANG_WARN_BLOCK_CAPTURE_AUTORELEASING = YES;
				CLANG_WARN_BOOL_CONVERSION = YES;
				CLANG_WARN_COMMA = YES;
				CLANG_WARN_CONSTANT_CONVERSION = YES;
				CLANG_WARN_DIRECT_OBJC_ISA_USAGE = YES_ERROR;
				CLANG_WARN_DOCUMENTATION_COMMENTS = YES;
				CLANG_WARN_EMPTY_BODY = YES;
				CLANG_WARN_ENUM_CONVERSION = YES;
				CLANG_WARN_INFINITE_RECURSION = YES;
				CLANG_WARN_INT_CONVERSION = YES;
				CLANG_WARN_NON_LITERAL_NULL_CONVERSION = YES;
				CLANG_WARN_OBJC_LITERAL_CONVERSION = YES;
				CLANG_WARN_OBJC_ROOT_CLASS = YES_ERROR;
				CLANG_WARN_RANGE_LOOP_ANALYSIS = YES;
				CLANG_WARN_STRICT_PROTOTYPES = YES;
				CLANG_WARN_SUSPICIOUS_MOVE = YES;
				CLANG_WARN_UNREACHABLE_CODE = YES;
				CLANG_WARN__DUPLICATE_METHOD_MATCH = YES;
				"CODE_SIGN_IDENTITY[sdk=iphoneos*]" = "iPhone Developer";
				COPY_PHASE_STRIP = NO;
				CURRENT_PROJECT_VERSION = 152;
				DEBUG_INFORMATION_FORMAT = "dwarf-with-dsym";
				ENABLE_NS_ASSERTIONS = NO;
				ENABLE_STRICT_OBJC_MSGSEND = YES;
				GCC_C_LANGUAGE_STANDARD = gnu99;
				GCC_NO_COMMON_BLOCKS = YES;
				GCC_WARN_64_TO_32_BIT_CONVERSION = YES;
				GCC_WARN_ABOUT_RETURN_TYPE = YES_ERROR;
				GCC_WARN_UNDECLARED_SELECTOR = YES;
				GCC_WARN_UNINITIALIZED_AUTOS = YES_AGGRESSIVE;
				GCC_WARN_UNUSED_FUNCTION = YES;
				GCC_WARN_UNUSED_VARIABLE = YES;
				IPHONEOS_DEPLOYMENT_TARGET = 10.2;
				MTL_ENABLE_DEBUG_INFO = NO;
				SDKROOT = iphoneos;
				SWIFT_OPTIMIZATION_LEVEL = "-Owholemodule";
				SWIFT_VERSION = 4.2;
				TARGETED_DEVICE_FAMILY = "1,2";
				VALIDATE_PRODUCT = YES;
				VERSIONING_SYSTEM = "apple-generic";
				VERSION_INFO_PREFIX = "";
			};
			name = Release;
		};
		76A843631EA77DF700BDAF2C /* Debug */ = {
			isa = XCBuildConfiguration;
			buildSettings = {
				CLANG_ENABLE_MODULES = YES;
				CODE_SIGN_IDENTITY = "";
				DEFINES_MODULE = YES;
				DEVELOPMENT_TEAM = JCUPRVKEC5;
				DYLIB_COMPATIBILITY_VERSION = 1;
				DYLIB_CURRENT_VERSION = 152;
				DYLIB_INSTALL_NAME_BASE = "@rpath";
				FRAMEWORK_SEARCH_PATHS = (
					"$(inherited)",
					"@executable_path/Frameworks",
					"@loader_path/Frameworks",
				);
				INFOPLIST_FILE = Player/Info.plist;
				INSTALL_PATH = "$(LOCAL_LIBRARY_DIR)/Frameworks";
				IPHONEOS_DEPLOYMENT_TARGET = 9.0;
				LD_RUNPATH_SEARCH_PATHS = "$(inherited) @loader_path/Frameworks @executable_path/Frameworks";
				OTHER_SWIFT_FLAGS = "";
				PRODUCT_BUNDLE_IDENTIFIER = com.emp.Player;
				PRODUCT_NAME = Player;
				SKIP_INSTALL = YES;
				SWIFT_OPTIMIZATION_LEVEL = "-Onone";
				SWIFT_SWIFT3_OBJC_INFERENCE = Off;
				SWIFT_VERSION = 4.2;
			};
			name = Debug;
		};
		76A843641EA77DF700BDAF2C /* Release */ = {
			isa = XCBuildConfiguration;
			buildSettings = {
				CLANG_ENABLE_MODULES = YES;
				CODE_SIGN_IDENTITY = "";
				DEFINES_MODULE = YES;
				DEVELOPMENT_TEAM = JCUPRVKEC5;
				DYLIB_COMPATIBILITY_VERSION = 1;
				DYLIB_CURRENT_VERSION = 152;
				DYLIB_INSTALL_NAME_BASE = "@rpath";
				FRAMEWORK_SEARCH_PATHS = (
					"$(inherited)",
					"@executable_path/Frameworks",
					"@loader_path/Frameworks",
				);
				INFOPLIST_FILE = Player/Info.plist;
				INSTALL_PATH = "$(LOCAL_LIBRARY_DIR)/Frameworks";
				IPHONEOS_DEPLOYMENT_TARGET = 9.0;
				LD_RUNPATH_SEARCH_PATHS = "$(inherited) @loader_path/Frameworks @executable_path/Frameworks";
				OTHER_SWIFT_FLAGS = "";
				PRODUCT_BUNDLE_IDENTIFIER = com.emp.Player;
				PRODUCT_NAME = Player;
				SKIP_INSTALL = YES;
				SWIFT_SWIFT3_OBJC_INFERENCE = Off;
				SWIFT_VERSION = 4.2;
			};
			name = Release;
		};
		76A843661EA77DF700BDAF2C /* Debug */ = {
			isa = XCBuildConfiguration;
			buildSettings = {
				ALWAYS_EMBED_SWIFT_STANDARD_LIBRARIES = YES;
				DEVELOPMENT_TEAM = JCUPRVKEC5;
				FRAMEWORK_SEARCH_PATHS = (
					"$(inherited)",
					"@executable_path/Frameworks",
					"@loader_path/Frameworks",
				);
				INFOPLIST_FILE = PlayerTests/Info.plist;
				LD_RUNPATH_SEARCH_PATHS = "$(inherited) @loader_path/Frameworks @executable_path/Frameworks";
				PRODUCT_BUNDLE_IDENTIFIER = com.emp.PlayerTests;
				PRODUCT_NAME = "$(TARGET_NAME)";
				SWIFT_SWIFT3_OBJC_INFERENCE = On;
				SWIFT_VERSION = 4.2;
			};
			name = Debug;
		};
		76A843671EA77DF700BDAF2C /* Release */ = {
			isa = XCBuildConfiguration;
			buildSettings = {
				ALWAYS_EMBED_SWIFT_STANDARD_LIBRARIES = YES;
				DEVELOPMENT_TEAM = JCUPRVKEC5;
				FRAMEWORK_SEARCH_PATHS = (
					"$(inherited)",
					"@executable_path/Frameworks",
					"@loader_path/Frameworks",
				);
				INFOPLIST_FILE = PlayerTests/Info.plist;
				LD_RUNPATH_SEARCH_PATHS = "$(inherited) @loader_path/Frameworks @executable_path/Frameworks";
				PRODUCT_BUNDLE_IDENTIFIER = com.emp.PlayerTests;
				PRODUCT_NAME = "$(TARGET_NAME)";
				SWIFT_SWIFT3_OBJC_INFERENCE = On;
				SWIFT_VERSION = 4.2;
			};
			name = Release;
		};
/* End XCBuildConfiguration section */

/* Begin XCConfigurationList section */
		7608009F20691E19007F59D5 /* Build configuration list for PBXNativeTarget "PlayerTests-tvOS" */ = {
			isa = XCConfigurationList;
			buildConfigurations = (
				760800A020691E19007F59D5 /* Debug */,
				760800A120691E19007F59D5 /* Release */,
			);
			defaultConfigurationIsVisible = 0;
			defaultConfigurationName = Release;
		};
		760800E02069210E007F59D5 /* Build configuration list for PBXNativeTarget "Player-tvOS" */ = {
			isa = XCConfigurationList;
			buildConfigurations = (
				760800E12069210E007F59D5 /* Debug */,
				760800E22069210E007F59D5 /* Release */,
			);
			defaultConfigurationIsVisible = 0;
			defaultConfigurationName = Release;
		};
		76A843481EA77DF700BDAF2C /* Build configuration list for PBXProject "Player" */ = {
			isa = XCConfigurationList;
			buildConfigurations = (
				76A843601EA77DF700BDAF2C /* Debug */,
				76A843611EA77DF700BDAF2C /* Release */,
			);
			defaultConfigurationIsVisible = 0;
			defaultConfigurationName = Release;
		};
		76A843621EA77DF700BDAF2C /* Build configuration list for PBXNativeTarget "Player-iOS" */ = {
			isa = XCConfigurationList;
			buildConfigurations = (
				76A843631EA77DF700BDAF2C /* Debug */,
				76A843641EA77DF700BDAF2C /* Release */,
			);
			defaultConfigurationIsVisible = 0;
			defaultConfigurationName = Release;
		};
		76A843651EA77DF700BDAF2C /* Build configuration list for PBXNativeTarget "PlayerTests-iOS" */ = {
			isa = XCConfigurationList;
			buildConfigurations = (
				76A843661EA77DF700BDAF2C /* Debug */,
				76A843671EA77DF700BDAF2C /* Release */,
			);
			defaultConfigurationIsVisible = 0;
			defaultConfigurationName = Release;
		};
/* End XCConfigurationList section */
	};
	rootObject = 76A843451EA77DF700BDAF2C /* Project object */;
}
